// !$*UTF8*$!
{
	archiveVersion = 1;
	classes = {
	};
	objectVersion = 50;
	objects = {

/* Begin PBXBuildFile section */
		1F86E726231A4F4D0053698A /* Assets.xcassets in Resources */ = {isa = PBXBuildFile; fileRef = 1F86E725231A4F4D0053698A /* Assets.xcassets */; };
		1F8F1A582348C38100395D09 /* GameWon.m in Sources */ = {isa = PBXBuildFile; fileRef = 1F8F1A572348C38100395D09 /* GameWon.m */; };
		1F8F1A5A2348C3B300395D09 /* GameWon.sks in Resources */ = {isa = PBXBuildFile; fileRef = 1F8F1A592348C3B300395D09 /* GameWon.sks */; };
		1F8F1A622348CED500395D09 /* ParticleBlock.sks in Resources */ = {isa = PBXBuildFile; fileRef = 1F8F1A602348CED500395D09 /* ParticleBlock.sks */; };
		1F8F1A632348CED500395D09 /* Assets.xcassets in Resources */ = {isa = PBXBuildFile; fileRef = 1F8F1A612348CED500395D09 /* Assets.xcassets */; };
		1F8F1A652348D0B900395D09 /* ParticleRampUp.sks in Resources */ = {isa = PBXBuildFile; fileRef = 1F8F1A642348D0B900395D09 /* ParticleRampUp.sks */; };
		1F8F1A7C234D0B0500395D09 /* block.atlas in Resources */ = {isa = PBXBuildFile; fileRef = 1F8F1A7B234D0B0500395D09 /* block.atlas */; };
		1F8F1A7E234E736600395D09 /* sound_explode.m4a in Resources */ = {isa = PBXBuildFile; fileRef = 1F8F1A5C2348CE3A00395D09 /* sound_explode.m4a */; };
		1F8F1A7F234E736600395D09 /* sound_wall.m4a in Resources */ = {isa = PBXBuildFile; fileRef = 1F8F1A5D2348CE3A00395D09 /* sound_wall.m4a */; };
		1F8F1A80234E736600395D09 /* sound_paddle.m4a in Resources */ = {isa = PBXBuildFile; fileRef = 1F8F1A5E2348CE3A00395D09 /* sound_paddle.m4a */; };
		1F8F1A81234E736600395D09 /* sound_block.m4a in Resources */ = {isa = PBXBuildFile; fileRef = 1F8F1A5B2348CE3900395D09 /* sound_block.m4a */; };
		64E0FB442303F0A300128051 /* AppDelegate.m in Sources */ = {isa = PBXBuildFile; fileRef = 64E0FB432303F0A300128051 /* AppDelegate.m */; };
		64E0FB482303F0A300128051 /* Actions.sks in Resources */ = {isa = PBXBuildFile; fileRef = 64E0FB472303F0A300128051 /* Actions.sks */; };
		64E0FB4B2303F0A400128051 /* GameScene.m in Sources */ = {isa = PBXBuildFile; fileRef = 64E0FB4A2303F0A400128051 /* GameScene.m */; };
		64E0FB4E2303F0A400128051 /* GameViewController.m in Sources */ = {isa = PBXBuildFile; fileRef = 64E0FB4D2303F0A400128051 /* GameViewController.m */; };
		64E0FB512303F0A400128051 /* Main.storyboard in Resources */ = {isa = PBXBuildFile; fileRef = 64E0FB4F2303F0A400128051 /* Main.storyboard */; };
		64E0FB562303F0A600128051 /* LaunchScreen.storyboard in Resources */ = {isa = PBXBuildFile; fileRef = 64E0FB542303F0A600128051 /* LaunchScreen.storyboard */; };
		64E0FB592303F0A600128051 /* main.m in Sources */ = {isa = PBXBuildFile; fileRef = 64E0FB582303F0A600128051 /* main.m */; };
		64E0FB612303F61800128051 /* GameStart.sks in Resources */ = {isa = PBXBuildFile; fileRef = 64E0FB602303F61800128051 /* GameStart.sks */; };
		64E0FB632303F63500128051 /* GameOver.sks in Resources */ = {isa = PBXBuildFile; fileRef = 64E0FB622303F63500128051 /* GameOver.sks */; };
		64E0FB682303F69100128051 /* GameStart.m in Sources */ = {isa = PBXBuildFile; fileRef = 64E0FB672303F69100128051 /* GameStart.m */; };
		64E0FB6C2303F6A500128051 /* GameOver.m in Sources */ = {isa = PBXBuildFile; fileRef = 64E0FB6B2303F6A500128051 /* GameOver.m */; };
		64E0FB6E2303F88600128051 /* GameScene.sks in Resources */ = {isa = PBXBuildFile; fileRef = 64E0FB6D2303F88600128051 /* GameScene.sks */; };
/* End PBXBuildFile section */

/* Begin PBXFileReference section */
		1F86E725231A4F4D0053698A /* Assets.xcassets */ = {isa = PBXFileReference; lastKnownFileType = folder.assetcatalog; path = Assets.xcassets; sourceTree = "<group>"; };
		1F8F1A562348C38100395D09 /* GameWon.h */ = {isa = PBXFileReference; lastKnownFileType = sourcecode.c.h; path = GameWon.h; sourceTree = "<group>"; };
		1F8F1A572348C38100395D09 /* GameWon.m */ = {isa = PBXFileReference; lastKnownFileType = sourcecode.c.objc; path = GameWon.m; sourceTree = "<group>"; };
		1F8F1A592348C3B300395D09 /* GameWon.sks */ = {isa = PBXFileReference; lastKnownFileType = file.sks; path = GameWon.sks; sourceTree = "<group>"; };
		1F8F1A5B2348CE3900395D09 /* sound_block.m4a */ = {isa = PBXFileReference; lastKnownFileType = file; path = sound_block.m4a; sourceTree = "<group>"; };
		1F8F1A5C2348CE3A00395D09 /* sound_explode.m4a */ = {isa = PBXFileReference; lastKnownFileType = file; path = sound_explode.m4a; sourceTree = "<group>"; };
		1F8F1A5D2348CE3A00395D09 /* sound_wall.m4a */ = {isa = PBXFileReference; lastKnownFileType = file; path = sound_wall.m4a; sourceTree = "<group>"; };
		1F8F1A5E2348CE3A00395D09 /* sound_paddle.m4a */ = {isa = PBXFileReference; lastKnownFileType = file; path = sound_paddle.m4a; sourceTree = "<group>"; };
		1F8F1A602348CED500395D09 /* ParticleBlock.sks */ = {isa = PBXFileReference; lastKnownFileType = file.sks; path = ParticleBlock.sks; sourceTree = "<group>"; };
		1F8F1A612348CED500395D09 /* Assets.xcassets */ = {isa = PBXFileReference; lastKnownFileType = folder.assetcatalog; path = Assets.xcassets; sourceTree = "<group>"; };
		1F8F1A642348D0B900395D09 /* ParticleRampUp.sks */ = {isa = PBXFileReference; lastKnownFileType = file.sks; path = ParticleRampUp.sks; sourceTree = "<group>"; };
		1F8F1A7B234D0B0500395D09 /* block.atlas */ = {isa = PBXFileReference; lastKnownFileType = folder.skatlas; path = block.atlas; sourceTree = "<group>"; };
		64E0FB3F2303F0A300128051 /* BreakoutDemo.app */ = {isa = PBXFileReference; explicitFileType = wrapper.application; includeInIndex = 0; path = BreakoutDemo.app; sourceTree = BUILT_PRODUCTS_DIR; };
		64E0FB422303F0A300128051 /* AppDelegate.h */ = {isa = PBXFileReference; lastKnownFileType = sourcecode.c.h; path = AppDelegate.h; sourceTree = "<group>"; };
		64E0FB432303F0A300128051 /* AppDelegate.m */ = {isa = PBXFileReference; lastKnownFileType = sourcecode.c.objc; path = AppDelegate.m; sourceTree = "<group>"; };
		64E0FB472303F0A300128051 /* Actions.sks */ = {isa = PBXFileReference; lastKnownFileType = file.sks; path = Actions.sks; sourceTree = "<group>"; };
		64E0FB492303F0A300128051 /* GameScene.h */ = {isa = PBXFileReference; lastKnownFileType = sourcecode.c.h; path = GameScene.h; sourceTree = "<group>"; };
		64E0FB4A2303F0A400128051 /* GameScene.m */ = {isa = PBXFileReference; lastKnownFileType = sourcecode.c.objc; path = GameScene.m; sourceTree = "<group>"; };
		64E0FB4C2303F0A400128051 /* GameViewController.h */ = {isa = PBXFileReference; lastKnownFileType = sourcecode.c.h; path = GameViewController.h; sourceTree = "<group>"; };
		64E0FB4D2303F0A400128051 /* GameViewController.m */ = {isa = PBXFileReference; lastKnownFileType = sourcecode.c.objc; path = GameViewController.m; sourceTree = "<group>"; };
		64E0FB502303F0A400128051 /* Base */ = {isa = PBXFileReference; lastKnownFileType = file.storyboard; name = Base; path = Base.lproj/Main.storyboard; sourceTree = "<group>"; };
		64E0FB552303F0A600128051 /* Base */ = {isa = PBXFileReference; lastKnownFileType = file.storyboard; name = Base; path = Base.lproj/LaunchScreen.storyboard; sourceTree = "<group>"; };
		64E0FB572303F0A600128051 /* Info.plist */ = {isa = PBXFileReference; lastKnownFileType = text.plist.xml; path = Info.plist; sourceTree = "<group>"; };
		64E0FB582303F0A600128051 /* main.m */ = {isa = PBXFileReference; lastKnownFileType = sourcecode.c.objc; path = main.m; sourceTree = "<group>"; };
		64E0FB602303F61800128051 /* GameStart.sks */ = {isa = PBXFileReference; lastKnownFileType = file.sks; path = GameStart.sks; sourceTree = "<group>"; };
		64E0FB622303F63500128051 /* GameOver.sks */ = {isa = PBXFileReference; lastKnownFileType = file.sks; path = GameOver.sks; sourceTree = "<group>"; };
		64E0FB662303F69100128051 /* GameStart.h */ = {isa = PBXFileReference; lastKnownFileType = sourcecode.c.h; path = GameStart.h; sourceTree = "<group>"; };
		64E0FB672303F69100128051 /* GameStart.m */ = {isa = PBXFileReference; lastKnownFileType = sourcecode.c.objc; path = GameStart.m; sourceTree = "<group>"; };
		64E0FB6A2303F6A500128051 /* GameOver.h */ = {isa = PBXFileReference; lastKnownFileType = sourcecode.c.h; path = GameOver.h; sourceTree = "<group>"; };
		64E0FB6B2303F6A500128051 /* GameOver.m */ = {isa = PBXFileReference; lastKnownFileType = sourcecode.c.objc; path = GameOver.m; sourceTree = "<group>"; };
		64E0FB6D2303F88600128051 /* GameScene.sks */ = {isa = PBXFileReference; lastKnownFileType = file.sks; path = GameScene.sks; sourceTree = "<group>"; };
/* End PBXFileReference section */

/* Begin PBXFrameworksBuildPhase section */
		64E0FB3C2303F0A300128051 /* Frameworks */ = {
			isa = PBXFrameworksBuildPhase;
			buildActionMask = 2147483647;
			files = (
			);
			runOnlyForDeploymentPostprocessing = 0;
		};
/* End PBXFrameworksBuildPhase section */

/* Begin PBXGroup section */
		1F8F1A552348C35F00395D09 /* GameWon */ = {
			isa = PBXGroup;
			children = (
				1F8F1A562348C38100395D09 /* GameWon.h */,
				1F8F1A572348C38100395D09 /* GameWon.m */,
				1F8F1A592348C3B300395D09 /* GameWon.sks */,
			);
			name = GameWon;
			sourceTree = "<group>";
		};
		1F8F1A7D234E66CF00395D09 /* Sounds */ = {
			isa = PBXGroup;
			children = (
				1F8F1A5C2348CE3A00395D09 /* sound_explode.m4a */,
				1F8F1A5D2348CE3A00395D09 /* sound_wall.m4a */,
				1F8F1A5E2348CE3A00395D09 /* sound_paddle.m4a */,
				1F8F1A5B2348CE3900395D09 /* sound_block.m4a */,
			);
			path = Sounds;
			sourceTree = "<group>";
		};
		64E0FB362303F0A300128051 = {
			isa = PBXGroup;
			children = (
				1F8F1A602348CED500395D09 /* ParticleBlock.sks */,
				1F8F1A642348D0B900395D09 /* ParticleRampUp.sks */,
				1F8F1A612348CED500395D09 /* Assets.xcassets */,
				64E0FB412303F0A300128051 /* BreakoutDemo */,
				64E0FB402303F0A300128051 /* Products */,
			);
			sourceTree = "<group>";
		};
		64E0FB402303F0A300128051 /* Products */ = {
			isa = PBXGroup;
			children = (
				64E0FB3F2303F0A300128051 /* BreakoutDemo.app */,
			);
			name = Products;
			sourceTree = "<group>";
		};
		64E0FB412303F0A300128051 /* BreakoutDemo */ = {
			isa = PBXGroup;
			children = (
				1F8F1A7D234E66CF00395D09 /* Sounds */,
				1F8F1A7B234D0B0500395D09 /* block.atlas */,
				64E0FB5F2303F5FE00128051 /* Scenes */,
				64E0FB422303F0A300128051 /* AppDelegate.h */,
				64E0FB432303F0A300128051 /* AppDelegate.m */,
				64E0FB472303F0A300128051 /* Actions.sks */,
				64E0FB4C2303F0A400128051 /* GameViewController.h */,
				64E0FB4D2303F0A400128051 /* GameViewController.m */,
				64E0FB4F2303F0A400128051 /* Main.storyboard */,
				64E0FB542303F0A600128051 /* LaunchScreen.storyboard */,
				64E0FB572303F0A600128051 /* Info.plist */,
				1F86E725231A4F4D0053698A /* Assets.xcassets */,
				64E0FB582303F0A600128051 /* main.m */,
			);
			path = BreakoutDemo;
			sourceTree = "<group>";
		};
		64E0FB5F2303F5FE00128051 /* Scenes */ = {
			isa = PBXGroup;
			children = (
				1F8F1A552348C35F00395D09 /* GameWon */,
				64E0FB692303F69700128051 /* GameOver */,
				64E0FB652303F67A00128051 /* GameStart */,
				64E0FB642303F66E00128051 /* GameScene */,
			);
			path = Scenes;
			sourceTree = "<group>";
		};
		64E0FB642303F66E00128051 /* GameScene */ = {
			isa = PBXGroup;
			children = (
				64E0FB6D2303F88600128051 /* GameScene.sks */,
				64E0FB492303F0A300128051 /* GameScene.h */,
				64E0FB4A2303F0A400128051 /* GameScene.m */,
			);
			path = GameScene;
			sourceTree = "<group>";
		};
		64E0FB652303F67A00128051 /* GameStart */ = {
			isa = PBXGroup;
			children = (
				64E0FB602303F61800128051 /* GameStart.sks */,
				64E0FB662303F69100128051 /* GameStart.h */,
				64E0FB672303F69100128051 /* GameStart.m */,
			);
			path = GameStart;
			sourceTree = "<group>";
		};
		64E0FB692303F69700128051 /* GameOver */ = {
			isa = PBXGroup;
			children = (
				64E0FB622303F63500128051 /* GameOver.sks */,
				64E0FB6A2303F6A500128051 /* GameOver.h */,
				64E0FB6B2303F6A500128051 /* GameOver.m */,
			);
			path = GameOver;
			sourceTree = "<group>";
		};
/* End PBXGroup section */

/* Begin PBXNativeTarget section */
		64E0FB3E2303F0A300128051 /* BreakoutDemo */ = {
			isa = PBXNativeTarget;
			buildConfigurationList = 64E0FB5C2303F0A600128051 /* Build configuration list for PBXNativeTarget "BreakoutDemo" */;
			buildPhases = (
				64E0FB3B2303F0A300128051 /* Sources */,
				64E0FB3C2303F0A300128051 /* Frameworks */,
				64E0FB3D2303F0A300128051 /* Resources */,
			);
			buildRules = (
			);
			dependencies = (
			);
			name = BreakoutDemo;
			productName = BreakoutDemo;
			productReference = 64E0FB3F2303F0A300128051 /* BreakoutDemo.app */;
			productType = "com.apple.product-type.application";
		};
/* End PBXNativeTarget section */

/* Begin PBXProject section */
		64E0FB372303F0A300128051 /* Project object */ = {
			isa = PBXProject;
			attributes = {
				LastUpgradeCheck = 1020;
				ORGANIZATIONNAME = "Artyom Belov";
				TargetAttributes = {
					64E0FB3E2303F0A300128051 = {
						CreatedOnToolsVersion = 10.2.1;
					};
				};
			};
			buildConfigurationList = 64E0FB3A2303F0A300128051 /* Build configuration list for PBXProject "BreakoutDemo" */;
			compatibilityVersion = "Xcode 9.3";
			developmentRegion = en;
			hasScannedForEncodings = 0;
			knownRegions = (
				en,
				Base,
			);
			mainGroup = 64E0FB362303F0A300128051;
			productRefGroup = 64E0FB402303F0A300128051 /* Products */;
			projectDirPath = "";
			projectRoot = "";
			targets = (
				64E0FB3E2303F0A300128051 /* BreakoutDemo */,
			);
		};
/* End PBXProject section */

/* Begin PBXResourcesBuildPhase section */
		64E0FB3D2303F0A300128051 /* Resources */ = {
			isa = PBXResourcesBuildPhase;
			buildActionMask = 2147483647;
			files = (
				1F8F1A7F234E736600395D09 /* sound_wall.m4a in Resources */,
				1F8F1A7E234E736600395D09 /* sound_explode.m4a in Resources */,
				1F8F1A81234E736600395D09 /* sound_block.m4a in Resources */,
				1F8F1A80234E736600395D09 /* sound_paddle.m4a in Resources */,
				1F8F1A652348D0B900395D09 /* ParticleRampUp.sks in Resources */,
				1F8F1A622348CED500395D09 /* ParticleBlock.sks in Resources */,
				1F8F1A5A2348C3B300395D09 /* GameWon.sks in Resources */,
				64E0FB512303F0A400128051 /* Main.storyboard in Resources */,
				64E0FB632303F63500128051 /* GameOver.sks in Resources */,
				1F8F1A632348CED500395D09 /* Assets.xcassets in Resources */,
				64E0FB612303F61800128051 /* GameStart.sks in Resources */,
				64E0FB6E2303F88600128051 /* GameScene.sks in Resources */,
				1F86E726231A4F4D0053698A /* Assets.xcassets in Resources */,
				1F8F1A7C234D0B0500395D09 /* block.atlas in Resources */,
				64E0FB562303F0A600128051 /* LaunchScreen.storyboard in Resources */,
				64E0FB482303F0A300128051 /* Actions.sks in Resources */,
			);
			runOnlyForDeploymentPostprocessing = 0;
		};
/* End PBXResourcesBuildPhase section */

/* Begin PBXSourcesBuildPhase section */
		64E0FB3B2303F0A300128051 /* Sources */ = {
			isa = PBXSourcesBuildPhase;
			buildActionMask = 2147483647;
			files = (
				1F8F1A582348C38100395D09 /* GameWon.m in Sources */,
				64E0FB682303F69100128051 /* GameStart.m in Sources */,
				64E0FB4B2303F0A400128051 /* GameScene.m in Sources */,
				64E0FB4E2303F0A400128051 /* GameViewController.m in Sources */,
				64E0FB6C2303F6A500128051 /* GameOver.m in Sources */,
				64E0FB592303F0A600128051 /* main.m in Sources */,
				64E0FB442303F0A300128051 /* AppDelegate.m in Sources */,
			);
			runOnlyForDeploymentPostprocessing = 0;
		};
/* End PBXSourcesBuildPhase section */

/* Begin PBXVariantGroup section */
		64E0FB4F2303F0A400128051 /* Main.storyboard */ = {
			isa = PBXVariantGroup;
			children = (
				64E0FB502303F0A400128051 /* Base */,
			);
			name = Main.storyboard;
			sourceTree = "<group>";
		};
		64E0FB542303F0A600128051 /* LaunchScreen.storyboard */ = {
			isa = PBXVariantGroup;
			children = (
				64E0FB552303F0A600128051 /* Base */,
			);
			name = LaunchScreen.storyboard;
			sourceTree = "<group>";
		};
/* End PBXVariantGroup section */

/* Begin XCBuildConfiguration section */
		64E0FB5A2303F0A600128051 /* Debug */ = {
			isa = XCBuildConfiguration;
			buildSettings = {
				ALWAYS_SEARCH_USER_PATHS = NO;
				CLANG_ANALYZER_NONNULL = YES;
				CLANG_ANALYZER_NUMBER_OBJECT_CONVERSION = YES_AGGRESSIVE;
				CLANG_CXX_LANGUAGE_STANDARD = "gnu++14";
				CLANG_CXX_LIBRARY = "libc++";
				CLANG_ENABLE_MODULES = YES;
				CLANG_ENABLE_OBJC_ARC = YES;
				CLANG_ENABLE_OBJC_WEAK = YES;
				CLANG_WARN_BLOCK_CAPTURE_AUTORELEASING = YES;
				CLANG_WARN_BOOL_CONVERSION = YES;
				CLANG_WARN_COMMA = YES;
				CLANG_WARN_CONSTANT_CONVERSION = YES;
				CLANG_WARN_DEPRECATED_OBJC_IMPLEMENTATIONS = YES;
				CLANG_WARN_DIRECT_OBJC_ISA_USAGE = YES_ERROR;
				CLANG_WARN_DOCUMENTATION_COMMENTS = YES;
				CLANG_WARN_EMPTY_BODY = YES;
				CLANG_WARN_ENUM_CONVERSION = YES;
				CLANG_WARN_INFINITE_RECURSION = YES;
				CLANG_WARN_INT_CONVERSION = YES;
				CLANG_WARN_NON_LITERAL_NULL_CONVERSION = YES;
				CLANG_WARN_OBJC_IMPLICIT_RETAIN_SELF = YES;
				CLANG_WARN_OBJC_LITERAL_CONVERSION = YES;
				CLANG_WARN_OBJC_ROOT_CLASS = YES_ERROR;
				CLANG_WARN_RANGE_LOOP_ANALYSIS = YES;
				CLANG_WARN_STRICT_PROTOTYPES = YES;
				CLANG_WARN_SUSPICIOUS_MOVE = YES;
				CLANG_WARN_UNGUARDED_AVAILABILITY = YES_AGGRESSIVE;
				CLANG_WARN_UNREACHABLE_CODE = YES;
				CLANG_WARN__DUPLICATE_METHOD_MATCH = YES;
				CODE_SIGN_IDENTITY = "iPhone Developer";
				COPY_PHASE_STRIP = NO;
				DEBUG_INFORMATION_FORMAT = dwarf;
				ENABLE_STRICT_OBJC_MSGSEND = YES;
				ENABLE_TESTABILITY = YES;
				GCC_C_LANGUAGE_STANDARD = gnu11;
				GCC_DYNAMIC_NO_PIC = NO;
				GCC_NO_COMMON_BLOCKS = YES;
				GCC_OPTIMIZATION_LEVEL = 0;
				GCC_PREPROCESSOR_DEFINITIONS = (
					"DEBUG=1",
					"$(inherited)",
				);
				GCC_WARN_64_TO_32_BIT_CONVERSION = YES;
				GCC_WARN_ABOUT_RETURN_TYPE = YES_ERROR;
				GCC_WARN_UNDECLARED_SELECTOR = YES;
				GCC_WARN_UNINITIALIZED_AUTOS = YES_AGGRESSIVE;
				GCC_WARN_UNUSED_FUNCTION = YES;
				GCC_WARN_UNUSED_VARIABLE = YES;
				IPHONEOS_DEPLOYMENT_TARGET = 12.2;
				MTL_ENABLE_DEBUG_INFO = INCLUDE_SOURCE;
				MTL_FAST_MATH = YES;
				ONLY_ACTIVE_ARCH = YES;
				SDKROOT = iphoneos;
			};
			name = Debug;
		};
		64E0FB5B2303F0A600128051 /* Release */ = {
			isa = XCBuildConfiguration;
			buildSettings = {
				ALWAYS_SEARCH_USER_PATHS = NO;
				CLANG_ANALYZER_NONNULL = YES;
				CLANG_ANALYZER_NUMBER_OBJECT_CONVERSION = YES_AGGRESSIVE;
				CLANG_CXX_LANGUAGE_STANDARD = "gnu++14";
				CLANG_CXX_LIBRARY = "libc++";
				CLANG_ENABLE_MODULES = YES;
				CLANG_ENABLE_OBJC_ARC = YES;
				CLANG_ENABLE_OBJC_WEAK = YES;
				CLANG_WARN_BLOCK_CAPTURE_AUTORELEASING = YES;
				CLANG_WARN_BOOL_CONVERSION = YES;
				CLANG_WARN_COMMA = YES;
				CLANG_WARN_CONSTANT_CONVERSION = YES;
				CLANG_WARN_DEPRECATED_OBJC_IMPLEMENTATIONS = YES;
				CLANG_WARN_DIRECT_OBJC_ISA_USAGE = YES_ERROR;
				CLANG_WARN_DOCUMENTATION_COMMENTS = YES;
				CLANG_WARN_EMPTY_BODY = YES;
				CLANG_WARN_ENUM_CONVERSION = YES;
				CLANG_WARN_INFINITE_RECURSION = YES;
				CLANG_WARN_INT_CONVERSION = YES;
				CLANG_WARN_NON_LITERAL_NULL_CONVERSION = YES;
				CLANG_WARN_OBJC_IMPLICIT_RETAIN_SELF = YES;
				CLANG_WARN_OBJC_LITERAL_CONVERSION = YES;
				CLANG_WARN_OBJC_ROOT_CLASS = YES_ERROR;
				CLANG_WARN_RANGE_LOOP_ANALYSIS = YES;
				CLANG_WARN_STRICT_PROTOTYPES = YES;
				CLANG_WARN_SUSPICIOUS_MOVE = YES;
				CLANG_WARN_UNGUARDED_AVAILABILITY = YES_AGGRESSIVE;
				CLANG_WARN_UNREACHABLE_CODE = YES;
				CLANG_WARN__DUPLICATE_METHOD_MATCH = YES;
				CODE_SIGN_IDENTITY = "iPhone Developer";
				COPY_PHASE_STRIP = NO;
				DEBUG_INFORMATION_FORMAT = "dwarf-with-dsym";
				ENABLE_NS_ASSERTIONS = NO;
				ENABLE_STRICT_OBJC_MSGSEND = YES;
				GCC_C_LANGUAGE_STANDARD = gnu11;
				GCC_NO_COMMON_BLOCKS = YES;
				GCC_WARN_64_TO_32_BIT_CONVERSION = YES;
				GCC_WARN_ABOUT_RETURN_TYPE = YES_ERROR;
				GCC_WARN_UNDECLARED_SELECTOR = YES;
				GCC_WARN_UNINITIALIZED_AUTOS = YES_AGGRESSIVE;
				GCC_WARN_UNUSED_FUNCTION = YES;
				GCC_WARN_UNUSED_VARIABLE = YES;
				IPHONEOS_DEPLOYMENT_TARGET = 12.2;
				MTL_ENABLE_DEBUG_INFO = NO;
				MTL_FAST_MATH = YES;
				SDKROOT = iphoneos;
				VALIDATE_PRODUCT = YES;
			};
			name = Release;
		};
		64E0FB5D2303F0A600128051 /* Debug */ = {
			isa = XCBuildConfiguration;
			buildSettings = {
				ASSETCATALOG_COMPILER_APPICON_NAME = AppIcon;
				CODE_SIGN_STYLE = Automatic;
				DEVELOPMENT_TEAM = 5M6NNRGL8Y;
				INFOPLIST_FILE = BreakoutDemo/Info.plist;
				LD_RUNPATH_SEARCH_PATHS = (
					"$(inherited)",
					"@executable_path/Frameworks",
				);
				PRODUCT_BUNDLE_IDENTIFIER = ru.breakoutdemo.BreakoutDemo;
				PRODUCT_NAME = "$(TARGET_NAME)";
				TARGETED_DEVICE_FAMILY = "1,2";
			};
			name = Debug;
		};
		64E0FB5E2303F0A600128051 /* Release */ = {
			isa = XCBuildConfiguration;
			buildSettings = {
				ASSETCATALOG_COMPILER_APPICON_NAME = AppIcon;
				CODE_SIGN_STYLE = Automatic;
				DEVELOPMENT_TEAM = 5M6NNRGL8Y;
				INFOPLIST_FILE = BreakoutDemo/Info.plist;
				LD_RUNPATH_SEARCH_PATHS = (
					"$(inherited)",
					"@executable_path/Frameworks",
				);
				PRODUCT_BUNDLE_IDENTIFIER = ru.breakoutdemo.BreakoutDemo;
				PRODUCT_NAME = "$(TARGET_NAME)";
				TARGETED_DEVICE_FAMILY = "1,2";
			};
			name = Release;
		};
/* End XCBuildConfiguration section */

/* Begin XCConfigurationList section */
		64E0FB3A2303F0A300128051 /* Build configuration list for PBXProject "BreakoutDemo" */ = {
			isa = XCConfigurationList;
			buildConfigurations = (
				64E0FB5A2303F0A600128051 /* Debug */,
				64E0FB5B2303F0A600128051 /* Release */,
			);
			defaultConfigurationIsVisible = 0;
			defaultConfigurationName = Release;
		};
		64E0FB5C2303F0A600128051 /* Build configuration list for PBXNativeTarget "BreakoutDemo" */ = {
			isa = XCConfigurationList;
			buildConfigurations = (
				64E0FB5D2303F0A600128051 /* Debug */,
				64E0FB5E2303F0A600128051 /* Release */,
			);
			defaultConfigurationIsVisible = 0;
			defaultConfigurationName = Release;
		};
/* End XCConfigurationList section */
	};
	rootObject = 64E0FB372303F0A300128051 /* Project object */;
}
