// !$*UTF8*$!
{
	archiveVersion = 1;
	classes = {
	};
	objectVersion = 50;
	objects = {

/* Begin PBXBuildFile section */
		1F8F1A90234FA2ED00395D09 /* AppDelegate.m in Sources */ = {isa = PBXBuildFile; fileRef = 1F8F1A8F234FA2ED00395D09 /* AppDelegate.m */; };
		1F8F1A92234FA2ED00395D09 /* GameScene.sks in Resources */ = {isa = PBXBuildFile; fileRef = 1F8F1A91234FA2ED00395D09 /* GameScene.sks */; };
		1F8F1A94234FA2ED00395D09 /* Actions.sks in Resources */ = {isa = PBXBuildFile; fileRef = 1F8F1A93234FA2ED00395D09 /* Actions.sks */; };
		1F8F1A97234FA2ED00395D09 /* GameScene.m in Sources */ = {isa = PBXBuildFile; fileRef = 1F8F1A96234FA2ED00395D09 /* GameScene.m */; };
		1F8F1A9A234FA2ED00395D09 /* GameViewController.m in Sources */ = {isa = PBXBuildFile; fileRef = 1F8F1A99234FA2ED00395D09 /* GameViewController.m */; };
		1F8F1A9D234FA2EE00395D09 /* Main.storyboard in Resources */ = {isa = PBXBuildFile; fileRef = 1F8F1A9B234FA2ED00395D09 /* Main.storyboard */; };
		1F8F1A9F234FA2EE00395D09 /* Assets.xcassets in Resources */ = {isa = PBXBuildFile; fileRef = 1F8F1A9E234FA2EE00395D09 /* Assets.xcassets */; };
		1F8F1AA2234FA2EE00395D09 /* LaunchScreen.storyboard in Resources */ = {isa = PBXBuildFile; fileRef = 1F8F1AA0234FA2EE00395D09 /* LaunchScreen.storyboard */; };
		1F8F1AA5234FA2EE00395D09 /* main.m in Sources */ = {isa = PBXBuildFile; fileRef = 1F8F1AA4234FA2EE00395D09 /* main.m */; };
		1F8F1AAC234FA3DB00395D09 /* BallFall.sks in Resources */ = {isa = PBXBuildFile; fileRef = 1F8F1AAB234FA3DB00395D09 /* BallFall.sks */; };
		1F8F1AAE234FAC4500395D09 /* sound_fence.m4a in Resources */ = {isa = PBXBuildFile; fileRef = 1F8F1AAD234FAC4500395D09 /* sound_fence.m4a */; };
/* End PBXBuildFile section */

/* Begin PBXFileReference section */
		1F8F1A8B234FA2ED00395D09 /* CollisionEffectsAssignment.app */ = {isa = PBXFileReference; explicitFileType = wrapper.application; includeInIndex = 0; path = CollisionEffectsAssignment.app; sourceTree = BUILT_PRODUCTS_DIR; };
		1F8F1A8E234FA2ED00395D09 /* AppDelegate.h */ = {isa = PBXFileReference; lastKnownFileType = sourcecode.c.h; path = AppDelegate.h; sourceTree = "<group>"; };
		1F8F1A8F234FA2ED00395D09 /* AppDelegate.m */ = {isa = PBXFileReference; lastKnownFileType = sourcecode.c.objc; path = AppDelegate.m; sourceTree = "<group>"; };
		1F8F1A91234FA2ED00395D09 /* GameScene.sks */ = {isa = PBXFileReference; lastKnownFileType = file.sks; path = GameScene.sks; sourceTree = "<group>"; };
		1F8F1A93234FA2ED00395D09 /* Actions.sks */ = {isa = PBXFileReference; lastKnownFileType = file.sks; path = Actions.sks; sourceTree = "<group>"; };
		1F8F1A95234FA2ED00395D09 /* GameScene.h */ = {isa = PBXFileReference; lastKnownFileType = sourcecode.c.h; path = GameScene.h; sourceTree = "<group>"; };
		1F8F1A96234FA2ED00395D09 /* GameScene.m */ = {isa = PBXFileReference; lastKnownFileType = sourcecode.c.objc; path = GameScene.m; sourceTree = "<group>"; };
		1F8F1A98234FA2ED00395D09 /* GameViewController.h */ = {isa = PBXFileReference; lastKnownFileType = sourcecode.c.h; path = GameViewController.h; sourceTree = "<group>"; };
		1F8F1A99234FA2ED00395D09 /* GameViewController.m */ = {isa = PBXFileReference; lastKnownFileType = sourcecode.c.objc; path = GameViewController.m; sourceTree = "<group>"; };
		1F8F1A9C234FA2EE00395D09 /* Base */ = {isa = PBXFileReference; lastKnownFileType = file.storyboard; name = Base; path = Base.lproj/Main.storyboard; sourceTree = "<group>"; };
		1F8F1A9E234FA2EE00395D09 /* Assets.xcassets */ = {isa = PBXFileReference; lastKnownFileType = folder.assetcatalog; path = Assets.xcassets; sourceTree = "<group>"; };
		1F8F1AA1234FA2EE00395D09 /* Base */ = {isa = PBXFileReference; lastKnownFileType = file.storyboard; name = Base; path = Base.lproj/LaunchScreen.storyboard; sourceTree = "<group>"; };
		1F8F1AA3234FA2EE00395D09 /* Info.plist */ = {isa = PBXFileReference; lastKnownFileType = text.plist.xml; path = Info.plist; sourceTree = "<group>"; };
		1F8F1AA4234FA2EE00395D09 /* main.m */ = {isa = PBXFileReference; lastKnownFileType = sourcecode.c.objc; path = main.m; sourceTree = "<group>"; };
		1F8F1AAB234FA3DB00395D09 /* BallFall.sks */ = {isa = PBXFileReference; lastKnownFileType = file.sks; path = BallFall.sks; sourceTree = "<group>"; };
		1F8F1AAD234FAC4500395D09 /* sound_fence.m4a */ = {isa = PBXFileReference; lastKnownFileType = file; path = sound_fence.m4a; sourceTree = "<group>"; };
/* End PBXFileReference section */

/* Begin PBXFrameworksBuildPhase section */
		1F8F1A88234FA2ED00395D09 /* Frameworks */ = {
			isa = PBXFrameworksBuildPhase;
			buildActionMask = 2147483647;
			files = (
			);
			runOnlyForDeploymentPostprocessing = 0;
		};
/* End PBXFrameworksBuildPhase section */

/* Begin PBXGroup section */
		1F8F1A82234FA2ED00395D09 = {
			isa = PBXGroup;
			children = (
				1F8F1A8D234FA2ED00395D09 /* CollisionEffectsAssignment */,
				1F8F1A8C234FA2ED00395D09 /* Products */,
			);
			sourceTree = "<group>";
		};
		1F8F1A8C234FA2ED00395D09 /* Products */ = {
			isa = PBXGroup;
			children = (
				1F8F1A8B234FA2ED00395D09 /* CollisionEffectsAssignment.app */,
			);
			name = Products;
			sourceTree = "<group>";
		};
		1F8F1A8D234FA2ED00395D09 /* CollisionEffectsAssignment */ = {
			isa = PBXGroup;
			children = (
				1F8F1AAD234FAC4500395D09 /* sound_fence.m4a */,
				1F8F1A8E234FA2ED00395D09 /* AppDelegate.h */,
				1F8F1A8F234FA2ED00395D09 /* AppDelegate.m */,
				1F8F1A91234FA2ED00395D09 /* GameScene.sks */,
				1F8F1A93234FA2ED00395D09 /* Actions.sks */,
				1F8F1A95234FA2ED00395D09 /* GameScene.h */,
				1F8F1A96234FA2ED00395D09 /* GameScene.m */,
				1F8F1A98234FA2ED00395D09 /* GameViewController.h */,
				1F8F1A99234FA2ED00395D09 /* GameViewController.m */,
				1F8F1A9B234FA2ED00395D09 /* Main.storyboard */,
				1F8F1A9E234FA2EE00395D09 /* Assets.xcassets */,
				1F8F1AA0234FA2EE00395D09 /* LaunchScreen.storyboard */,
				1F8F1AA3234FA2EE00395D09 /* Info.plist */,
				1F8F1AA4234FA2EE00395D09 /* main.m */,
				1F8F1AAB234FA3DB00395D09 /* BallFall.sks */,
			);
			path = CollisionEffectsAssignment;
			sourceTree = "<group>";
		};
/* End PBXGroup section */

/* Begin PBXNativeTarget section */
		1F8F1A8A234FA2ED00395D09 /* CollisionEffectsAssignment */ = {
			isa = PBXNativeTarget;
			buildConfigurationList = 1F8F1AA8234FA2EE00395D09 /* Build configuration list for PBXNativeTarget "CollisionEffectsAssignment" */;
			buildPhases = (
				1F8F1A87234FA2ED00395D09 /* Sources */,
				1F8F1A88234FA2ED00395D09 /* Frameworks */,
				1F8F1A89234FA2ED00395D09 /* Resources */,
			);
			buildRules = (
			);
			dependencies = (
			);
			name = CollisionEffectsAssignment;
			productName = CollisionEffectsAssignment;
			productReference = 1F8F1A8B234FA2ED00395D09 /* CollisionEffectsAssignment.app */;
			productType = "com.apple.product-type.application";
		};
/* End PBXNativeTarget section */

/* Begin PBXProject section */
		1F8F1A83234FA2ED00395D09 /* Project object */ = {
			isa = PBXProject;
			attributes = {
				LastUpgradeCheck = 1100;
				ORGANIZATIONNAME = "Tom Belov";
				TargetAttributes = {
					1F8F1A8A234FA2ED00395D09 = {
						CreatedOnToolsVersion = 11.0;
					};
				};
			};
			buildConfigurationList = 1F8F1A86234FA2ED00395D09 /* Build configuration list for PBXProject "CollisionEffectsAssignment" */;
			compatibilityVersion = "Xcode 9.3";
			developmentRegion = en;
			hasScannedForEncodings = 0;
			knownRegions = (
				en,
				Base,
			);
			mainGroup = 1F8F1A82234FA2ED00395D09;
			productRefGroup = 1F8F1A8C234FA2ED00395D09 /* Products */;
			projectDirPath = "";
			projectRoot = "";
			targets = (
				1F8F1A8A234FA2ED00395D09 /* CollisionEffectsAssignment */,
			);
		};
/* End PBXProject section */

/* Begin PBXResourcesBuildPhase section */
		1F8F1A89234FA2ED00395D09 /* Resources */ = {
			isa = PBXResourcesBuildPhase;
			buildActionMask = 2147483647;
			files = (
				1F8F1A9D234FA2EE00395D09 /* Main.storyboard in Resources */,
				1F8F1AAE234FAC4500395D09 /* sound_fence.m4a in Resources */,
				1F8F1A92234FA2ED00395D09 /* GameScene.sks in Resources */,
				1F8F1A9F234FA2EE00395D09 /* Assets.xcassets in Resources */,
				1F8F1AA2234FA2EE00395D09 /* LaunchScreen.storyboard in Resources */,
				1F8F1A94234FA2ED00395D09 /* Actions.sks in Resources */,
				1F8F1AAC234FA3DB00395D09 /* BallFall.sks in Resources */,
			);
			runOnlyForDeploymentPostprocessing = 0;
		};
/* End PBXResourcesBuildPhase section */

/* Begin PBXSourcesBuildPhase section */
		1F8F1A87234FA2ED00395D09 /* Sources */ = {
			isa = PBXSourcesBuildPhase;
			buildActionMask = 2147483647;
			files = (
				1F8F1A97234FA2ED00395D09 /* GameScene.m in Sources */,
				1F8F1A9A234FA2ED00395D09 /* GameViewController.m in Sources */,
				1F8F1AA5234FA2EE00395D09 /* main.m in Sources */,
				1F8F1A90234FA2ED00395D09 /* AppDelegate.m in Sources */,
			);
			runOnlyForDeploymentPostprocessing = 0;
		};
/* End PBXSourcesBuildPhase section */

/* Begin PBXVariantGroup section */
		1F8F1A9B234FA2ED00395D09 /* Main.storyboard */ = {
			isa = PBXVariantGroup;
			children = (
				1F8F1A9C234FA2EE00395D09 /* Base */,
			);
			name = Main.storyboard;
			sourceTree = "<group>";
		};
		1F8F1AA0234FA2EE00395D09 /* LaunchScreen.storyboard */ = {
			isa = PBXVariantGroup;
			children = (
				1F8F1AA1234FA2EE00395D09 /* Base */,
			);
			name = LaunchScreen.storyboard;
			sourceTree = "<group>";
		};
/* End PBXVariantGroup section */

/* Begin XCBuildConfiguration section */
		1F8F1AA6234FA2EE00395D09 /* Debug */ = {
			isa = XCBuildConfiguration;
			buildSettings = {
				ALWAYS_SEARCH_USER_PATHS = NO;
				CLANG_ANALYZER_NONNULL = YES;
				CLANG_ANALYZER_NUMBER_OBJECT_CONVERSION = YES_AGGRESSIVE;
				CLANG_CXX_LANGUAGE_STANDARD = "gnu++14";
				CLANG_CXX_LIBRARY = "libc++";
				CLANG_ENABLE_MODULES = YES;
				CLANG_ENABLE_OBJC_ARC = YES;
				CLANG_ENABLE_OBJC_WEAK = YES;
				CLANG_WARN_BLOCK_CAPTURE_AUTORELEASING = YES;
				CLANG_WARN_BOOL_CONVERSION = YES;
				CLANG_WARN_COMMA = YES;
				CLANG_WARN_CONSTANT_CONVERSION = YES;
				CLANG_WARN_DEPRECATED_OBJC_IMPLEMENTATIONS = YES;
				CLANG_WARN_DIRECT_OBJC_ISA_USAGE = YES_ERROR;
				CLANG_WARN_DOCUMENTATION_COMMENTS = YES;
				CLANG_WARN_EMPTY_BODY = YES;
				CLANG_WARN_ENUM_CONVERSION = YES;
				CLANG_WARN_INFINITE_RECURSION = YES;
				CLANG_WARN_INT_CONVERSION = YES;
				CLANG_WARN_NON_LITERAL_NULL_CONVERSION = YES;
				CLANG_WARN_OBJC_IMPLICIT_RETAIN_SELF = YES;
				CLANG_WARN_OBJC_LITERAL_CONVERSION = YES;
				CLANG_WARN_OBJC_ROOT_CLASS = YES_ERROR;
				CLANG_WARN_RANGE_LOOP_ANALYSIS = YES;
				CLANG_WARN_STRICT_PROTOTYPES = YES;
				CLANG_WARN_SUSPICIOUS_MOVE = YES;
				CLANG_WARN_UNGUARDED_AVAILABILITY = YES_AGGRESSIVE;
				CLANG_WARN_UNREACHABLE_CODE = YES;
				CLANG_WARN__DUPLICATE_METHOD_MATCH = YES;
				COPY_PHASE_STRIP = NO;
				DEBUG_INFORMATION_FORMAT = dwarf;
				ENABLE_STRICT_OBJC_MSGSEND = YES;
				ENABLE_TESTABILITY = YES;
				GCC_C_LANGUAGE_STANDARD = gnu11;
				GCC_DYNAMIC_NO_PIC = NO;
				GCC_NO_COMMON_BLOCKS = YES;
				GCC_OPTIMIZATION_LEVEL = 0;
				GCC_PREPROCESSOR_DEFINITIONS = (
					"DEBUG=1",
					"$(inherited)",
				);
				GCC_WARN_64_TO_32_BIT_CONVERSION = YES;
				GCC_WARN_ABOUT_RETURN_TYPE = YES_ERROR;
				GCC_WARN_UNDECLARED_SELECTOR = YES;
				GCC_WARN_UNINITIALIZED_AUTOS = YES_AGGRESSIVE;
				GCC_WARN_UNUSED_FUNCTION = YES;
				GCC_WARN_UNUSED_VARIABLE = YES;
				IPHONEOS_DEPLOYMENT_TARGET = 13.0;
				MTL_ENABLE_DEBUG_INFO = INCLUDE_SOURCE;
				MTL_FAST_MATH = YES;
				ONLY_ACTIVE_ARCH = YES;
				SDKROOT = iphoneos;
			};
			name = Debug;
		};
		1F8F1AA7234FA2EE00395D09 /* Release */ = {
			isa = XCBuildConfiguration;
			buildSettings = {
				ALWAYS_SEARCH_USER_PATHS = NO;
				CLANG_ANALYZER_NONNULL = YES;
				CLANG_ANALYZER_NUMBER_OBJECT_CONVERSION = YES_AGGRESSIVE;
				CLANG_CXX_LANGUAGE_STANDARD = "gnu++14";
				CLANG_CXX_LIBRARY = "libc++";
				CLANG_ENABLE_MODULES = YES;
				CLANG_ENABLE_OBJC_ARC = YES;
				CLANG_ENABLE_OBJC_WEAK = YES;
				CLANG_WARN_BLOCK_CAPTURE_AUTORELEASING = YES;
				CLANG_WARN_BOOL_CONVERSION = YES;
				CLANG_WARN_COMMA = YES;
				CLANG_WARN_CONSTANT_CONVERSION = YES;
				CLANG_WARN_DEPRECATED_OBJC_IMPLEMENTATIONS = YES;
				CLANG_WARN_DIRECT_OBJC_ISA_USAGE = YES_ERROR;
				CLANG_WARN_DOCUMENTATION_COMMENTS = YES;
				CLANG_WARN_EMPTY_BODY = YES;
				CLANG_WARN_ENUM_CONVERSION = YES;
				CLANG_WARN_INFINITE_RECURSION = YES;
				CLANG_WARN_INT_CONVERSION = YES;
				CLANG_WARN_NON_LITERAL_NULL_CONVERSION = YES;
				CLANG_WARN_OBJC_IMPLICIT_RETAIN_SELF = YES;
				CLANG_WARN_OBJC_LITERAL_CONVERSION = YES;
				CLANG_WARN_OBJC_ROOT_CLASS = YES_ERROR;
				CLANG_WARN_RANGE_LOOP_ANALYSIS = YES;
				CLANG_WARN_STRICT_PROTOTYPES = YES;
				CLANG_WARN_SUSPICIOUS_MOVE = YES;
				CLANG_WARN_UNGUARDED_AVAILABILITY = YES_AGGRESSIVE;
				CLANG_WARN_UNREACHABLE_CODE = YES;
				CLANG_WARN__DUPLICATE_METHOD_MATCH = YES;
				COPY_PHASE_STRIP = NO;
				DEBUG_INFORMATION_FORMAT = "dwarf-with-dsym";
				ENABLE_NS_ASSERTIONS = NO;
				ENABLE_STRICT_OBJC_MSGSEND = YES;
				GCC_C_LANGUAGE_STANDARD = gnu11;
				GCC_NO_COMMON_BLOCKS = YES;
				GCC_WARN_64_TO_32_BIT_CONVERSION = YES;
				GCC_WARN_ABOUT_RETURN_TYPE = YES_ERROR;
				GCC_WARN_UNDECLARED_SELECTOR = YES;
				GCC_WARN_UNINITIALIZED_AUTOS = YES_AGGRESSIVE;
				GCC_WARN_UNUSED_FUNCTION = YES;
				GCC_WARN_UNUSED_VARIABLE = YES;
				IPHONEOS_DEPLOYMENT_TARGET = 13.0;
				MTL_ENABLE_DEBUG_INFO = NO;
				MTL_FAST_MATH = YES;
				SDKROOT = iphoneos;
				VALIDATE_PRODUCT = YES;
			};
			name = Release;
		};
		1F8F1AA9234FA2EE00395D09 /* Debug */ = {
			isa = XCBuildConfiguration;
			buildSettings = {
				ASSETCATALOG_COMPILER_APPICON_NAME = AppIcon;
				CODE_SIGN_STYLE = Automatic;
				DEVELOPMENT_TEAM = 5M6NNRGL8Y;
				INFOPLIST_FILE = CollisionEffectsAssignment/Info.plist;
				LD_RUNPATH_SEARCH_PATHS = (
					"$(inherited)",
					"@executable_path/Frameworks",
				);
				PRODUCT_BUNDLE_IDENTIFIER = ru.company.CollisionEffectsAssignment;
				PRODUCT_NAME = "$(TARGET_NAME)";
				TARGETED_DEVICE_FAMILY = 2;
			};
			name = Debug;
		};
		1F8F1AAA234FA2EE00395D09 /* Release */ = {
			isa = XCBuildConfiguration;
			buildSettings = {
				ASSETCATALOG_COMPILER_APPICON_NAME = AppIcon;
				CODE_SIGN_STYLE = Automatic;
				DEVELOPMENT_TEAM = 5M6NNRGL8Y;
				INFOPLIST_FILE = CollisionEffectsAssignment/Info.plist;
				LD_RUNPATH_SEARCH_PATHS = (
					"$(inherited)",
					"@executable_path/Frameworks",
				);
				PRODUCT_BUNDLE_IDENTIFIER = ru.company.CollisionEffectsAssignment;
				PRODUCT_NAME = "$(TARGET_NAME)";
				TARGETED_DEVICE_FAMILY = 2;
			};
			name = Release;
		};
/* End XCBuildConfiguration section */

/* Begin XCConfigurationList section */
		1F8F1A86234FA2ED00395D09 /* Build configuration list for PBXProject "CollisionEffectsAssignment" */ = {
			isa = XCConfigurationList;
			buildConfigurations = (
				1F8F1AA6234FA2EE00395D09 /* Debug */,
				1F8F1AA7234FA2EE00395D09 /* Release */,
			);
			defaultConfigurationIsVisible = 0;
			defaultConfigurationName = Release;
		};
		1F8F1AA8234FA2EE00395D09 /* Build configuration list for PBXNativeTarget "CollisionEffectsAssignment" */ = {
			isa = XCConfigurationList;
			buildConfigurations = (
				1F8F1AA9234FA2EE00395D09 /* Debug */,
				1F8F1AAA234FA2EE00395D09 /* Release */,
			);
			defaultConfigurationIsVisible = 0;
			defaultConfigurationName = Release;
		};
/* End XCConfigurationList section */
	};
	rootObject = 1F8F1A83234FA2ED00395D09 /* Project object */;
}
