// !$*UTF8*$!
{
	archiveVersion = 1;
	classes = {
	};
	objectVersion = 50;
	objects = {

/* Begin PBXBuildFile section */
		1F8F1A3A234870F500395D09 /* AppDelegate.m in Sources */ = {isa = PBXBuildFile; fileRef = 1F8F1A39234870F500395D09 /* AppDelegate.m */; };
		1F8F1A3E234870F500395D09 /* Actions.sks in Resources */ = {isa = PBXBuildFile; fileRef = 1F8F1A3D234870F500395D09 /* Actions.sks */; };
		1F8F1A41234870F500395D09 /* GameScene.m in Sources */ = {isa = PBXBuildFile; fileRef = 1F8F1A40234870F500395D09 /* GameScene.m */; };
		1F8F1A44234870F500395D09 /* GameViewController.m in Sources */ = {isa = PBXBuildFile; fileRef = 1F8F1A43234870F500395D09 /* GameViewController.m */; };
		1F8F1A47234870F500395D09 /* Main.storyboard in Resources */ = {isa = PBXBuildFile; fileRef = 1F8F1A45234870F500395D09 /* Main.storyboard */; };
		1F8F1A49234870F600395D09 /* Assets.xcassets in Resources */ = {isa = PBXBuildFile; fileRef = 1F8F1A48234870F600395D09 /* Assets.xcassets */; };
		1F8F1A4C234870F600395D09 /* LaunchScreen.storyboard in Resources */ = {isa = PBXBuildFile; fileRef = 1F8F1A4A234870F600395D09 /* LaunchScreen.storyboard */; };
		1F8F1A4F234870F600395D09 /* main.m in Sources */ = {isa = PBXBuildFile; fileRef = 1F8F1A4E234870F600395D09 /* main.m */; };
/* End PBXBuildFile section */

/* Begin PBXFileReference section */
		1F8F1A35234870F500395D09 /* SKActionTest.app */ = {isa = PBXFileReference; explicitFileType = wrapper.application; includeInIndex = 0; path = SKActionTest.app; sourceTree = BUILT_PRODUCTS_DIR; };
		1F8F1A38234870F500395D09 /* AppDelegate.h */ = {isa = PBXFileReference; lastKnownFileType = sourcecode.c.h; path = AppDelegate.h; sourceTree = "<group>"; };
		1F8F1A39234870F500395D09 /* AppDelegate.m */ = {isa = PBXFileReference; lastKnownFileType = sourcecode.c.objc; path = AppDelegate.m; sourceTree = "<group>"; };
		1F8F1A3D234870F500395D09 /* Actions.sks */ = {isa = PBXFileReference; lastKnownFileType = file.sks; path = Actions.sks; sourceTree = "<group>"; };
		1F8F1A3F234870F500395D09 /* GameScene.h */ = {isa = PBXFileReference; lastKnownFileType = sourcecode.c.h; path = GameScene.h; sourceTree = "<group>"; };
		1F8F1A40234870F500395D09 /* GameScene.m */ = {isa = PBXFileReference; lastKnownFileType = sourcecode.c.objc; path = GameScene.m; sourceTree = "<group>"; };
		1F8F1A42234870F500395D09 /* GameViewController.h */ = {isa = PBXFileReference; lastKnownFileType = sourcecode.c.h; path = GameViewController.h; sourceTree = "<group>"; };
		1F8F1A43234870F500395D09 /* GameViewController.m */ = {isa = PBXFileReference; lastKnownFileType = sourcecode.c.objc; path = GameViewController.m; sourceTree = "<group>"; };
		1F8F1A46234870F500395D09 /* Base */ = {isa = PBXFileReference; lastKnownFileType = file.storyboard; name = Base; path = Base.lproj/Main.storyboard; sourceTree = "<group>"; };
		1F8F1A48234870F600395D09 /* Assets.xcassets */ = {isa = PBXFileReference; lastKnownFileType = folder.assetcatalog; path = Assets.xcassets; sourceTree = "<group>"; };
		1F8F1A4B234870F600395D09 /* Base */ = {isa = PBXFileReference; lastKnownFileType = file.storyboard; name = Base; path = Base.lproj/LaunchScreen.storyboard; sourceTree = "<group>"; };
		1F8F1A4D234870F600395D09 /* Info.plist */ = {isa = PBXFileReference; lastKnownFileType = text.plist.xml; path = Info.plist; sourceTree = "<group>"; };
		1F8F1A4E234870F600395D09 /* main.m */ = {isa = PBXFileReference; lastKnownFileType = sourcecode.c.objc; path = main.m; sourceTree = "<group>"; };
/* End PBXFileReference section */

/* Begin PBXFrameworksBuildPhase section */
		1F8F1A32234870F500395D09 /* Frameworks */ = {
			isa = PBXFrameworksBuildPhase;
			buildActionMask = 2147483647;
			files = (
			);
			runOnlyForDeploymentPostprocessing = 0;
		};
/* End PBXFrameworksBuildPhase section */

/* Begin PBXGroup section */
		1F8F1A2C234870F500395D09 = {
			isa = PBXGroup;
			children = (
				1F8F1A37234870F500395D09 /* SKActionTest */,
				1F8F1A36234870F500395D09 /* Products */,
			);
			sourceTree = "<group>";
		};
		1F8F1A36234870F500395D09 /* Products */ = {
			isa = PBXGroup;
			children = (
				1F8F1A35234870F500395D09 /* SKActionTest.app */,
			);
			name = Products;
			sourceTree = "<group>";
		};
		1F8F1A37234870F500395D09 /* SKActionTest */ = {
			isa = PBXGroup;
			children = (
				1F8F1A38234870F500395D09 /* AppDelegate.h */,
				1F8F1A39234870F500395D09 /* AppDelegate.m */,
				1F8F1A3D234870F500395D09 /* Actions.sks */,
				1F8F1A3F234870F500395D09 /* GameScene.h */,
				1F8F1A40234870F500395D09 /* GameScene.m */,
				1F8F1A42234870F500395D09 /* GameViewController.h */,
				1F8F1A43234870F500395D09 /* GameViewController.m */,
				1F8F1A45234870F500395D09 /* Main.storyboard */,
				1F8F1A48234870F600395D09 /* Assets.xcassets */,
				1F8F1A4A234870F600395D09 /* LaunchScreen.storyboard */,
				1F8F1A4D234870F600395D09 /* Info.plist */,
				1F8F1A4E234870F600395D09 /* main.m */,
			);
			path = SKActionTest;
			sourceTree = "<group>";
		};
/* End PBXGroup section */

/* Begin PBXNativeTarget section */
		1F8F1A34234870F500395D09 /* SKActionTest */ = {
			isa = PBXNativeTarget;
			buildConfigurationList = 1F8F1A52234870F600395D09 /* Build configuration list for PBXNativeTarget "SKActionTest" */;
			buildPhases = (
				1F8F1A31234870F500395D09 /* Sources */,
				1F8F1A32234870F500395D09 /* Frameworks */,
				1F8F1A33234870F500395D09 /* Resources */,
			);
			buildRules = (
			);
			dependencies = (
			);
			name = SKActionTest;
			productName = SKActionTest;
			productReference = 1F8F1A35234870F500395D09 /* SKActionTest.app */;
			productType = "com.apple.product-type.application";
		};
/* End PBXNativeTarget section */

/* Begin PBXProject section */
		1F8F1A2D234870F500395D09 /* Project object */ = {
			isa = PBXProject;
			attributes = {
				LastUpgradeCheck = 1100;
				ORGANIZATIONNAME = "Tom Belov";
				TargetAttributes = {
					1F8F1A34234870F500395D09 = {
						CreatedOnToolsVersion = 11.0;
					};
				};
			};
			buildConfigurationList = 1F8F1A30234870F500395D09 /* Build configuration list for PBXProject "SKActionTest" */;
			compatibilityVersion = "Xcode 9.3";
			developmentRegion = en;
			hasScannedForEncodings = 0;
			knownRegions = (
				en,
				Base,
			);
			mainGroup = 1F8F1A2C234870F500395D09;
			productRefGroup = 1F8F1A36234870F500395D09 /* Products */;
			projectDirPath = "";
			projectRoot = "";
			targets = (
				1F8F1A34234870F500395D09 /* SKActionTest */,
			);
		};
/* End PBXProject section */

/* Begin PBXResourcesBuildPhase section */
		1F8F1A33234870F500395D09 /* Resources */ = {
			isa = PBXResourcesBuildPhase;
			buildActionMask = 2147483647;
			files = (
				1F8F1A47234870F500395D09 /* Main.storyboard in Resources */,
				1F8F1A49234870F600395D09 /* Assets.xcassets in Resources */,
				1F8F1A4C234870F600395D09 /* LaunchScreen.storyboard in Resources */,
				1F8F1A3E234870F500395D09 /* Actions.sks in Resources */,
			);
			runOnlyForDeploymentPostprocessing = 0;
		};
/* End PBXResourcesBuildPhase section */

/* Begin PBXSourcesBuildPhase section */
		1F8F1A31234870F500395D09 /* Sources */ = {
			isa = PBXSourcesBuildPhase;
			buildActionMask = 2147483647;
			files = (
				1F8F1A41234870F500395D09 /* GameScene.m in Sources */,
				1F8F1A44234870F500395D09 /* GameViewController.m in Sources */,
				1F8F1A4F234870F600395D09 /* main.m in Sources */,
				1F8F1A3A234870F500395D09 /* AppDelegate.m in Sources */,
			);
			runOnlyForDeploymentPostprocessing = 0;
		};
/* End PBXSourcesBuildPhase section */

/* Begin PBXVariantGroup section */
		1F8F1A45234870F500395D09 /* Main.storyboard */ = {
			isa = PBXVariantGroup;
			children = (
				1F8F1A46234870F500395D09 /* Base */,
			);
			name = Main.storyboard;
			sourceTree = "<group>";
		};
		1F8F1A4A234870F600395D09 /* LaunchScreen.storyboard */ = {
			isa = PBXVariantGroup;
			children = (
				1F8F1A4B234870F600395D09 /* Base */,
			);
			name = LaunchScreen.storyboard;
			sourceTree = "<group>";
		};
/* End PBXVariantGroup section */

/* Begin XCBuildConfiguration section */
		1F8F1A50234870F600395D09 /* Debug */ = {
			isa = XCBuildConfiguration;
			buildSettings = {
				ALWAYS_SEARCH_USER_PATHS = NO;
				CLANG_ANALYZER_NONNULL = YES;
				CLANG_ANALYZER_NUMBER_OBJECT_CONVERSION = YES_AGGRESSIVE;
				CLANG_CXX_LANGUAGE_STANDARD = "gnu++14";
				CLANG_CXX_LIBRARY = "libc++";
				CLANG_ENABLE_MODULES = YES;
				CLANG_ENABLE_OBJC_ARC = YES;
				CLANG_ENABLE_OBJC_WEAK = YES;
				CLANG_WARN_BLOCK_CAPTURE_AUTORELEASING = YES;
				CLANG_WARN_BOOL_CONVERSION = YES;
				CLANG_WARN_COMMA = YES;
				CLANG_WARN_CONSTANT_CONVERSION = YES;
				CLANG_WARN_DEPRECATED_OBJC_IMPLEMENTATIONS = YES;
				CLANG_WARN_DIRECT_OBJC_ISA_USAGE = YES_ERROR;
				CLANG_WARN_DOCUMENTATION_COMMENTS = YES;
				CLANG_WARN_EMPTY_BODY = YES;
				CLANG_WARN_ENUM_CONVERSION = YES;
				CLANG_WARN_INFINITE_RECURSION = YES;
				CLANG_WARN_INT_CONVERSION = YES;
				CLANG_WARN_NON_LITERAL_NULL_CONVERSION = YES;
				CLANG_WARN_OBJC_IMPLICIT_RETAIN_SELF = YES;
				CLANG_WARN_OBJC_LITERAL_CONVERSION = YES;
				CLANG_WARN_OBJC_ROOT_CLASS = YES_ERROR;
				CLANG_WARN_RANGE_LOOP_ANALYSIS = YES;
				CLANG_WARN_STRICT_PROTOTYPES = YES;
				CLANG_WARN_SUSPICIOUS_MOVE = YES;
				CLANG_WARN_UNGUARDED_AVAILABILITY = YES_AGGRESSIVE;
				CLANG_WARN_UNREACHABLE_CODE = YES;
				CLANG_WARN__DUPLICATE_METHOD_MATCH = YES;
				COPY_PHASE_STRIP = NO;
				DEBUG_INFORMATION_FORMAT = dwarf;
				ENABLE_STRICT_OBJC_MSGSEND = YES;
				ENABLE_TESTABILITY = YES;
				GCC_C_LANGUAGE_STANDARD = gnu11;
				GCC_DYNAMIC_NO_PIC = NO;
				GCC_NO_COMMON_BLOCKS = YES;
				GCC_OPTIMIZATION_LEVEL = 0;
				GCC_PREPROCESSOR_DEFINITIONS = (
					"DEBUG=1",
					"$(inherited)",
				);
				GCC_WARN_64_TO_32_BIT_CONVERSION = YES;
				GCC_WARN_ABOUT_RETURN_TYPE = YES_ERROR;
				GCC_WARN_UNDECLARED_SELECTOR = YES;
				GCC_WARN_UNINITIALIZED_AUTOS = YES_AGGRESSIVE;
				GCC_WARN_UNUSED_FUNCTION = YES;
				GCC_WARN_UNUSED_VARIABLE = YES;
				IPHONEOS_DEPLOYMENT_TARGET = 13.0;
				MTL_ENABLE_DEBUG_INFO = INCLUDE_SOURCE;
				MTL_FAST_MATH = YES;
				ONLY_ACTIVE_ARCH = YES;
				SDKROOT = iphoneos;
			};
			name = Debug;
		};
		1F8F1A51234870F600395D09 /* Release */ = {
			isa = XCBuildConfiguration;
			buildSettings = {
				ALWAYS_SEARCH_USER_PATHS = NO;
				CLANG_ANALYZER_NONNULL = YES;
				CLANG_ANALYZER_NUMBER_OBJECT_CONVERSION = YES_AGGRESSIVE;
				CLANG_CXX_LANGUAGE_STANDARD = "gnu++14";
				CLANG_CXX_LIBRARY = "libc++";
				CLANG_ENABLE_MODULES = YES;
				CLANG_ENABLE_OBJC_ARC = YES;
				CLANG_ENABLE_OBJC_WEAK = YES;
				CLANG_WARN_BLOCK_CAPTURE_AUTORELEASING = YES;
				CLANG_WARN_BOOL_CONVERSION = YES;
				CLANG_WARN_COMMA = YES;
				CLANG_WARN_CONSTANT_CONVERSION = YES;
				CLANG_WARN_DEPRECATED_OBJC_IMPLEMENTATIONS = YES;
				CLANG_WARN_DIRECT_OBJC_ISA_USAGE = YES_ERROR;
				CLANG_WARN_DOCUMENTATION_COMMENTS = YES;
				CLANG_WARN_EMPTY_BODY = YES;
				CLANG_WARN_ENUM_CONVERSION = YES;
				CLANG_WARN_INFINITE_RECURSION = YES;
				CLANG_WARN_INT_CONVERSION = YES;
				CLANG_WARN_NON_LITERAL_NULL_CONVERSION = YES;
				CLANG_WARN_OBJC_IMPLICIT_RETAIN_SELF = YES;
				CLANG_WARN_OBJC_LITERAL_CONVERSION = YES;
				CLANG_WARN_OBJC_ROOT_CLASS = YES_ERROR;
				CLANG_WARN_RANGE_LOOP_ANALYSIS = YES;
				CLANG_WARN_STRICT_PROTOTYPES = YES;
				CLANG_WARN_SUSPICIOUS_MOVE = YES;
				CLANG_WARN_UNGUARDED_AVAILABILITY = YES_AGGRESSIVE;
				CLANG_WARN_UNREACHABLE_CODE = YES;
				CLANG_WARN__DUPLICATE_METHOD_MATCH = YES;
				COPY_PHASE_STRIP = NO;
				DEBUG_INFORMATION_FORMAT = "dwarf-with-dsym";
				ENABLE_NS_ASSERTIONS = NO;
				ENABLE_STRICT_OBJC_MSGSEND = YES;
				GCC_C_LANGUAGE_STANDARD = gnu11;
				GCC_NO_COMMON_BLOCKS = YES;
				GCC_WARN_64_TO_32_BIT_CONVERSION = YES;
				GCC_WARN_ABOUT_RETURN_TYPE = YES_ERROR;
				GCC_WARN_UNDECLARED_SELECTOR = YES;
				GCC_WARN_UNINITIALIZED_AUTOS = YES_AGGRESSIVE;
				GCC_WARN_UNUSED_FUNCTION = YES;
				GCC_WARN_UNUSED_VARIABLE = YES;
				IPHONEOS_DEPLOYMENT_TARGET = 13.0;
				MTL_ENABLE_DEBUG_INFO = NO;
				MTL_FAST_MATH = YES;
				SDKROOT = iphoneos;
				VALIDATE_PRODUCT = YES;
			};
			name = Release;
		};
		1F8F1A53234870F600395D09 /* Debug */ = {
			isa = XCBuildConfiguration;
			buildSettings = {
				ASSETCATALOG_COMPILER_APPICON_NAME = AppIcon;
				CODE_SIGN_STYLE = Automatic;
				DEVELOPMENT_TEAM = 5M6NNRGL8Y;
				INFOPLIST_FILE = SKActionTest/Info.plist;
				LD_RUNPATH_SEARCH_PATHS = (
					"$(inherited)",
					"@executable_path/Frameworks",
				);
				PRODUCT_BUNDLE_IDENTIFIER = ru.company.SKActionTest;
				PRODUCT_NAME = "$(TARGET_NAME)";
				TARGETED_DEVICE_FAMILY = 2;
			};
			name = Debug;
		};
		1F8F1A54234870F600395D09 /* Release */ = {
			isa = XCBuildConfiguration;
			buildSettings = {
				ASSETCATALOG_COMPILER_APPICON_NAME = AppIcon;
				CODE_SIGN_STYLE = Automatic;
				DEVELOPMENT_TEAM = 5M6NNRGL8Y;
				INFOPLIST_FILE = SKActionTest/Info.plist;
				LD_RUNPATH_SEARCH_PATHS = (
					"$(inherited)",
					"@executable_path/Frameworks",
				);
				PRODUCT_BUNDLE_IDENTIFIER = ru.company.SKActionTest;
				PRODUCT_NAME = "$(TARGET_NAME)";
				TARGETED_DEVICE_FAMILY = 2;
			};
			name = Release;
		};
/* End XCBuildConfiguration section */

/* Begin XCConfigurationList section */
		1F8F1A30234870F500395D09 /* Build configuration list for PBXProject "SKActionTest" */ = {
			isa = XCConfigurationList;
			buildConfigurations = (
				1F8F1A50234870F600395D09 /* Debug */,
				1F8F1A51234870F600395D09 /* Release */,
			);
			defaultConfigurationIsVisible = 0;
			defaultConfigurationName = Release;
		};
		1F8F1A52234870F600395D09 /* Build configuration list for PBXNativeTarget "SKActionTest" */ = {
			isa = XCConfigurationList;
			buildConfigurations = (
				1F8F1A53234870F600395D09 /* Debug */,
				1F8F1A54234870F600395D09 /* Release */,
			);
			defaultConfigurationIsVisible = 0;
			defaultConfigurationName = Release;
		};
/* End XCConfigurationList section */
	};
	rootObject = 1F8F1A2D234870F500395D09 /* Project object */;
}
