// !$*UTF8*$!
{
	archiveVersion = 1;
	classes = {
	};
	objectVersion = 50;
	objects = {

/* Begin PBXBuildFile section */
		1F86E735231A7A5D0053698A /* AppDelegate.m in Sources */ = {isa = PBXBuildFile; fileRef = 1F86E734231A7A5D0053698A /* AppDelegate.m */; };
		1F86E737231A7A5D0053698A /* GameScene.sks in Resources */ = {isa = PBXBuildFile; fileRef = 1F86E736231A7A5D0053698A /* GameScene.sks */; };
		1F86E739231A7A5D0053698A /* Actions.sks in Resources */ = {isa = PBXBuildFile; fileRef = 1F86E738231A7A5D0053698A /* Actions.sks */; };
		1F86E73C231A7A5D0053698A /* GameScene.m in Sources */ = {isa = PBXBuildFile; fileRef = 1F86E73B231A7A5D0053698A /* GameScene.m */; };
		1F86E73F231A7A5D0053698A /* GameViewController.m in Sources */ = {isa = PBXBuildFile; fileRef = 1F86E73E231A7A5D0053698A /* GameViewController.m */; };
		1F86E742231A7A5D0053698A /* Main.storyboard in Resources */ = {isa = PBXBuildFile; fileRef = 1F86E740231A7A5D0053698A /* Main.storyboard */; };
		1F86E744231A7A5F0053698A /* Assets.xcassets in Resources */ = {isa = PBXBuildFile; fileRef = 1F86E743231A7A5F0053698A /* Assets.xcassets */; };
		1F86E747231A7A5F0053698A /* LaunchScreen.storyboard in Resources */ = {isa = PBXBuildFile; fileRef = 1F86E745231A7A5F0053698A /* LaunchScreen.storyboard */; };
		1F86E74A231A7A5F0053698A /* main.m in Sources */ = {isa = PBXBuildFile; fileRef = 1F86E749231A7A5F0053698A /* main.m */; };
/* End PBXBuildFile section */

/* Begin PBXFileReference section */
		1F86E730231A7A5D0053698A /* CollisionsDemo.app */ = {isa = PBXFileReference; explicitFileType = wrapper.application; includeInIndex = 0; path = CollisionsDemo.app; sourceTree = BUILT_PRODUCTS_DIR; };
		1F86E733231A7A5D0053698A /* AppDelegate.h */ = {isa = PBXFileReference; lastKnownFileType = sourcecode.c.h; path = AppDelegate.h; sourceTree = "<group>"; };
		1F86E734231A7A5D0053698A /* AppDelegate.m */ = {isa = PBXFileReference; lastKnownFileType = sourcecode.c.objc; path = AppDelegate.m; sourceTree = "<group>"; };
		1F86E736231A7A5D0053698A /* GameScene.sks */ = {isa = PBXFileReference; lastKnownFileType = file.sks; path = GameScene.sks; sourceTree = "<group>"; };
		1F86E738231A7A5D0053698A /* Actions.sks */ = {isa = PBXFileReference; lastKnownFileType = file.sks; path = Actions.sks; sourceTree = "<group>"; };
		1F86E73A231A7A5D0053698A /* GameScene.h */ = {isa = PBXFileReference; lastKnownFileType = sourcecode.c.h; path = GameScene.h; sourceTree = "<group>"; };
		1F86E73B231A7A5D0053698A /* GameScene.m */ = {isa = PBXFileReference; lastKnownFileType = sourcecode.c.objc; path = GameScene.m; sourceTree = "<group>"; };
		1F86E73D231A7A5D0053698A /* GameViewController.h */ = {isa = PBXFileReference; lastKnownFileType = sourcecode.c.h; path = GameViewController.h; sourceTree = "<group>"; };
		1F86E73E231A7A5D0053698A /* GameViewController.m */ = {isa = PBXFileReference; lastKnownFileType = sourcecode.c.objc; path = GameViewController.m; sourceTree = "<group>"; };
		1F86E741231A7A5D0053698A /* Base */ = {isa = PBXFileReference; lastKnownFileType = file.storyboard; name = Base; path = Base.lproj/Main.storyboard; sourceTree = "<group>"; };
		1F86E743231A7A5F0053698A /* Assets.xcassets */ = {isa = PBXFileReference; lastKnownFileType = folder.assetcatalog; path = Assets.xcassets; sourceTree = "<group>"; };
		1F86E746231A7A5F0053698A /* Base */ = {isa = PBXFileReference; lastKnownFileType = file.storyboard; name = Base; path = Base.lproj/LaunchScreen.storyboard; sourceTree = "<group>"; };
		1F86E748231A7A5F0053698A /* Info.plist */ = {isa = PBXFileReference; lastKnownFileType = text.plist.xml; path = Info.plist; sourceTree = "<group>"; };
		1F86E749231A7A5F0053698A /* main.m */ = {isa = PBXFileReference; lastKnownFileType = sourcecode.c.objc; path = main.m; sourceTree = "<group>"; };
/* End PBXFileReference section */

/* Begin PBXFrameworksBuildPhase section */
		1F86E72D231A7A5D0053698A /* Frameworks */ = {
			isa = PBXFrameworksBuildPhase;
			buildActionMask = 2147483647;
			files = (
			);
			runOnlyForDeploymentPostprocessing = 0;
		};
/* End PBXFrameworksBuildPhase section */

/* Begin PBXGroup section */
		1F86E727231A7A5D0053698A = {
			isa = PBXGroup;
			children = (
				1F86E732231A7A5D0053698A /* CollisionsDemo */,
				1F86E731231A7A5D0053698A /* Products */,
			);
			sourceTree = "<group>";
		};
		1F86E731231A7A5D0053698A /* Products */ = {
			isa = PBXGroup;
			children = (
				1F86E730231A7A5D0053698A /* CollisionsDemo.app */,
			);
			name = Products;
			sourceTree = "<group>";
		};
		1F86E732231A7A5D0053698A /* CollisionsDemo */ = {
			isa = PBXGroup;
			children = (
				1F86E733231A7A5D0053698A /* AppDelegate.h */,
				1F86E734231A7A5D0053698A /* AppDelegate.m */,
				1F86E736231A7A5D0053698A /* GameScene.sks */,
				1F86E738231A7A5D0053698A /* Actions.sks */,
				1F86E73A231A7A5D0053698A /* GameScene.h */,
				1F86E73B231A7A5D0053698A /* GameScene.m */,
				1F86E73D231A7A5D0053698A /* GameViewController.h */,
				1F86E73E231A7A5D0053698A /* GameViewController.m */,
				1F86E740231A7A5D0053698A /* Main.storyboard */,
				1F86E743231A7A5F0053698A /* Assets.xcassets */,
				1F86E745231A7A5F0053698A /* LaunchScreen.storyboard */,
				1F86E748231A7A5F0053698A /* Info.plist */,
				1F86E749231A7A5F0053698A /* main.m */,
			);
			path = CollisionsDemo;
			sourceTree = "<group>";
		};
/* End PBXGroup section */

/* Begin PBXNativeTarget section */
		1F86E72F231A7A5D0053698A /* CollisionsDemo */ = {
			isa = PBXNativeTarget;
			buildConfigurationList = 1F86E74D231A7A5F0053698A /* Build configuration list for PBXNativeTarget "CollisionsDemo" */;
			buildPhases = (
				1F86E72C231A7A5D0053698A /* Sources */,
				1F86E72D231A7A5D0053698A /* Frameworks */,
				1F86E72E231A7A5D0053698A /* Resources */,
			);
			buildRules = (
			);
			dependencies = (
			);
			name = CollisionsDemo;
			productName = CollisionsDemo;
			productReference = 1F86E730231A7A5D0053698A /* CollisionsDemo.app */;
			productType = "com.apple.product-type.application";
		};
/* End PBXNativeTarget section */

/* Begin PBXProject section */
		1F86E728231A7A5D0053698A /* Project object */ = {
			isa = PBXProject;
			attributes = {
				LastUpgradeCheck = 1020;
				ORGANIZATIONNAME = "Tom Belov";
				TargetAttributes = {
					1F86E72F231A7A5D0053698A = {
						CreatedOnToolsVersion = 10.2.1;
					};
				};
			};
			buildConfigurationList = 1F86E72B231A7A5D0053698A /* Build configuration list for PBXProject "CollisionsDemo" */;
			compatibilityVersion = "Xcode 9.3";
			developmentRegion = en;
			hasScannedForEncodings = 0;
			knownRegions = (
				en,
				Base,
			);
			mainGroup = 1F86E727231A7A5D0053698A;
			productRefGroup = 1F86E731231A7A5D0053698A /* Products */;
			projectDirPath = "";
			projectRoot = "";
			targets = (
				1F86E72F231A7A5D0053698A /* CollisionsDemo */,
			);
		};
/* End PBXProject section */

/* Begin PBXResourcesBuildPhase section */
		1F86E72E231A7A5D0053698A /* Resources */ = {
			isa = PBXResourcesBuildPhase;
			buildActionMask = 2147483647;
			files = (
				1F86E742231A7A5D0053698A /* Main.storyboard in Resources */,
				1F86E737231A7A5D0053698A /* GameScene.sks in Resources */,
				1F86E744231A7A5F0053698A /* Assets.xcassets in Resources */,
				1F86E747231A7A5F0053698A /* LaunchScreen.storyboard in Resources */,
				1F86E739231A7A5D0053698A /* Actions.sks in Resources */,
			);
			runOnlyForDeploymentPostprocessing = 0;
		};
/* End PBXResourcesBuildPhase section */

/* Begin PBXSourcesBuildPhase section */
		1F86E72C231A7A5D0053698A /* Sources */ = {
			isa = PBXSourcesBuildPhase;
			buildActionMask = 2147483647;
			files = (
				1F86E73C231A7A5D0053698A /* GameScene.m in Sources */,
				1F86E73F231A7A5D0053698A /* GameViewController.m in Sources */,
				1F86E74A231A7A5F0053698A /* main.m in Sources */,
				1F86E735231A7A5D0053698A /* AppDelegate.m in Sources */,
			);
			runOnlyForDeploymentPostprocessing = 0;
		};
/* End PBXSourcesBuildPhase section */

/* Begin PBXVariantGroup section */
		1F86E740231A7A5D0053698A /* Main.storyboard */ = {
			isa = PBXVariantGroup;
			children = (
				1F86E741231A7A5D0053698A /* Base */,
			);
			name = Main.storyboard;
			sourceTree = "<group>";
		};
		1F86E745231A7A5F0053698A /* LaunchScreen.storyboard */ = {
			isa = PBXVariantGroup;
			children = (
				1F86E746231A7A5F0053698A /* Base */,
			);
			name = LaunchScreen.storyboard;
			sourceTree = "<group>";
		};
/* End PBXVariantGroup section */

/* Begin XCBuildConfiguration section */
		1F86E74B231A7A5F0053698A /* Debug */ = {
			isa = XCBuildConfiguration;
			buildSettings = {
				ALWAYS_SEARCH_USER_PATHS = NO;
				CLANG_ANALYZER_NONNULL = YES;
				CLANG_ANALYZER_NUMBER_OBJECT_CONVERSION = YES_AGGRESSIVE;
				CLANG_CXX_LANGUAGE_STANDARD = "gnu++14";
				CLANG_CXX_LIBRARY = "libc++";
				CLANG_ENABLE_MODULES = YES;
				CLANG_ENABLE_OBJC_ARC = YES;
				CLANG_ENABLE_OBJC_WEAK = YES;
				CLANG_WARN_BLOCK_CAPTURE_AUTORELEASING = YES;
				CLANG_WARN_BOOL_CONVERSION = YES;
				CLANG_WARN_COMMA = YES;
				CLANG_WARN_CONSTANT_CONVERSION = YES;
				CLANG_WARN_DEPRECATED_OBJC_IMPLEMENTATIONS = YES;
				CLANG_WARN_DIRECT_OBJC_ISA_USAGE = YES_ERROR;
				CLANG_WARN_DOCUMENTATION_COMMENTS = YES;
				CLANG_WARN_EMPTY_BODY = YES;
				CLANG_WARN_ENUM_CONVERSION = YES;
				CLANG_WARN_INFINITE_RECURSION = YES;
				CLANG_WARN_INT_CONVERSION = YES;
				CLANG_WARN_NON_LITERAL_NULL_CONVERSION = YES;
				CLANG_WARN_OBJC_IMPLICIT_RETAIN_SELF = YES;
				CLANG_WARN_OBJC_LITERAL_CONVERSION = YES;
				CLANG_WARN_OBJC_ROOT_CLASS = YES_ERROR;
				CLANG_WARN_RANGE_LOOP_ANALYSIS = YES;
				CLANG_WARN_STRICT_PROTOTYPES = YES;
				CLANG_WARN_SUSPICIOUS_MOVE = YES;
				CLANG_WARN_UNGUARDED_AVAILABILITY = YES_AGGRESSIVE;
				CLANG_WARN_UNREACHABLE_CODE = YES;
				CLANG_WARN__DUPLICATE_METHOD_MATCH = YES;
				CODE_SIGN_IDENTITY = "iPhone Developer";
				COPY_PHASE_STRIP = NO;
				DEBUG_INFORMATION_FORMAT = dwarf;
				ENABLE_STRICT_OBJC_MSGSEND = YES;
				ENABLE_TESTABILITY = YES;
				GCC_C_LANGUAGE_STANDARD = gnu11;
				GCC_DYNAMIC_NO_PIC = NO;
				GCC_NO_COMMON_BLOCKS = YES;
				GCC_OPTIMIZATION_LEVEL = 0;
				GCC_PREPROCESSOR_DEFINITIONS = (
					"DEBUG=1",
					"$(inherited)",
				);
				GCC_WARN_64_TO_32_BIT_CONVERSION = YES;
				GCC_WARN_ABOUT_RETURN_TYPE = YES_ERROR;
				GCC_WARN_UNDECLARED_SELECTOR = YES;
				GCC_WARN_UNINITIALIZED_AUTOS = YES_AGGRESSIVE;
				GCC_WARN_UNUSED_FUNCTION = YES;
				GCC_WARN_UNUSED_VARIABLE = YES;
				IPHONEOS_DEPLOYMENT_TARGET = 12.2;
				MTL_ENABLE_DEBUG_INFO = INCLUDE_SOURCE;
				MTL_FAST_MATH = YES;
				ONLY_ACTIVE_ARCH = YES;
				SDKROOT = iphoneos;
			};
			name = Debug;
		};
		1F86E74C231A7A5F0053698A /* Release */ = {
			isa = XCBuildConfiguration;
			buildSettings = {
				ALWAYS_SEARCH_USER_PATHS = NO;
				CLANG_ANALYZER_NONNULL = YES;
				CLANG_ANALYZER_NUMBER_OBJECT_CONVERSION = YES_AGGRESSIVE;
				CLANG_CXX_LANGUAGE_STANDARD = "gnu++14";
				CLANG_CXX_LIBRARY = "libc++";
				CLANG_ENABLE_MODULES = YES;
				CLANG_ENABLE_OBJC_ARC = YES;
				CLANG_ENABLE_OBJC_WEAK = YES;
				CLANG_WARN_BLOCK_CAPTURE_AUTORELEASING = YES;
				CLANG_WARN_BOOL_CONVERSION = YES;
				CLANG_WARN_COMMA = YES;
				CLANG_WARN_CONSTANT_CONVERSION = YES;
				CLANG_WARN_DEPRECATED_OBJC_IMPLEMENTATIONS = YES;
				CLANG_WARN_DIRECT_OBJC_ISA_USAGE = YES_ERROR;
				CLANG_WARN_DOCUMENTATION_COMMENTS = YES;
				CLANG_WARN_EMPTY_BODY = YES;
				CLANG_WARN_ENUM_CONVERSION = YES;
				CLANG_WARN_INFINITE_RECURSION = YES;
				CLANG_WARN_INT_CONVERSION = YES;
				CLANG_WARN_NON_LITERAL_NULL_CONVERSION = YES;
				CLANG_WARN_OBJC_IMPLICIT_RETAIN_SELF = YES;
				CLANG_WARN_OBJC_LITERAL_CONVERSION = YES;
				CLANG_WARN_OBJC_ROOT_CLASS = YES_ERROR;
				CLANG_WARN_RANGE_LOOP_ANALYSIS = YES;
				CLANG_WARN_STRICT_PROTOTYPES = YES;
				CLANG_WARN_SUSPICIOUS_MOVE = YES;
				CLANG_WARN_UNGUARDED_AVAILABILITY = YES_AGGRESSIVE;
				CLANG_WARN_UNREACHABLE_CODE = YES;
				CLANG_WARN__DUPLICATE_METHOD_MATCH = YES;
				CODE_SIGN_IDENTITY = "iPhone Developer";
				COPY_PHASE_STRIP = NO;
				DEBUG_INFORMATION_FORMAT = "dwarf-with-dsym";
				ENABLE_NS_ASSERTIONS = NO;
				ENABLE_STRICT_OBJC_MSGSEND = YES;
				GCC_C_LANGUAGE_STANDARD = gnu11;
				GCC_NO_COMMON_BLOCKS = YES;
				GCC_WARN_64_TO_32_BIT_CONVERSION = YES;
				GCC_WARN_ABOUT_RETURN_TYPE = YES_ERROR;
				GCC_WARN_UNDECLARED_SELECTOR = YES;
				GCC_WARN_UNINITIALIZED_AUTOS = YES_AGGRESSIVE;
				GCC_WARN_UNUSED_FUNCTION = YES;
				GCC_WARN_UNUSED_VARIABLE = YES;
				IPHONEOS_DEPLOYMENT_TARGET = 12.2;
				MTL_ENABLE_DEBUG_INFO = NO;
				MTL_FAST_MATH = YES;
				SDKROOT = iphoneos;
				VALIDATE_PRODUCT = YES;
			};
			name = Release;
		};
		1F86E74E231A7A5F0053698A /* Debug */ = {
			isa = XCBuildConfiguration;
			buildSettings = {
				ASSETCATALOG_COMPILER_APPICON_NAME = AppIcon;
				CODE_SIGN_STYLE = Automatic;
				DEVELOPMENT_TEAM = 5M6NNRGL8Y;
				INFOPLIST_FILE = CollisionsDemo/Info.plist;
				LD_RUNPATH_SEARCH_PATHS = (
					"$(inherited)",
					"@executable_path/Frameworks",
				);
				PRODUCT_BUNDLE_IDENTIFIER = ru.company.CollisionsDemo;
				PRODUCT_NAME = "$(TARGET_NAME)";
				TARGETED_DEVICE_FAMILY = "1,2";
			};
			name = Debug;
		};
		1F86E74F231A7A5F0053698A /* Release */ = {
			isa = XCBuildConfiguration;
			buildSettings = {
				ASSETCATALOG_COMPILER_APPICON_NAME = AppIcon;
				CODE_SIGN_STYLE = Automatic;
				DEVELOPMENT_TEAM = 5M6NNRGL8Y;
				INFOPLIST_FILE = CollisionsDemo/Info.plist;
				LD_RUNPATH_SEARCH_PATHS = (
					"$(inherited)",
					"@executable_path/Frameworks",
				);
				PRODUCT_BUNDLE_IDENTIFIER = ru.company.CollisionsDemo;
				PRODUCT_NAME = "$(TARGET_NAME)";
				TARGETED_DEVICE_FAMILY = "1,2";
			};
			name = Release;
		};
/* End XCBuildConfiguration section */

/* Begin XCConfigurationList section */
		1F86E72B231A7A5D0053698A /* Build configuration list for PBXProject "CollisionsDemo" */ = {
			isa = XCConfigurationList;
			buildConfigurations = (
				1F86E74B231A7A5F0053698A /* Debug */,
				1F86E74C231A7A5F0053698A /* Release */,
			);
			defaultConfigurationIsVisible = 0;
			defaultConfigurationName = Release;
		};
		1F86E74D231A7A5F0053698A /* Build configuration list for PBXNativeTarget "CollisionsDemo" */ = {
			isa = XCConfigurationList;
			buildConfigurations = (
				1F86E74E231A7A5F0053698A /* Debug */,
				1F86E74F231A7A5F0053698A /* Release */,
			);
			defaultConfigurationIsVisible = 0;
			defaultConfigurationName = Release;
		};
/* End XCConfigurationList section */
	};
	rootObject = 1F86E728231A7A5D0053698A /* Project object */;
}
