// !$*UTF8*$!
{
	archiveVersion = 1;
	classes = {
	};
	objectVersion = 50;
	objects = {

/* Begin PBXBuildFile section */
		1F53289322E4DF63002B241D /* AppDelegate.m in Sources */ = {isa = PBXBuildFile; fileRef = 1F53289222E4DF63002B241D /* AppDelegate.m */; };
		1F53289622E4DF63002B241D /* ViewController.m in Sources */ = {isa = PBXBuildFile; fileRef = 1F53289522E4DF63002B241D /* ViewController.m */; };
		1F53289922E4DF63002B241D /* Main.storyboard in Resources */ = {isa = PBXBuildFile; fileRef = 1F53289722E4DF63002B241D /* Main.storyboard */; };
		1F53289B22E4DF63002B241D /* Assets.xcassets in Resources */ = {isa = PBXBuildFile; fileRef = 1F53289A22E4DF63002B241D /* Assets.xcassets */; };
		1F53289E22E4DF63002B241D /* LaunchScreen.storyboard in Resources */ = {isa = PBXBuildFile; fileRef = 1F53289C22E4DF63002B241D /* LaunchScreen.storyboard */; };
		1F5328A122E4DF63002B241D /* main.m in Sources */ = {isa = PBXBuildFile; fileRef = 1F5328A022E4DF63002B241D /* main.m */; };
		1F5328A922E4E18B002B241D /* scale.png in Resources */ = {isa = PBXBuildFile; fileRef = 1F5328A722E4E18B002B241D /* scale.png */; };
		1F5328AA22E4E18B002B241D /* arrow.png in Resources */ = {isa = PBXBuildFile; fileRef = 1F5328A822E4E18B002B241D /* arrow.png */; };
/* End PBXBuildFile section */

/* Begin PBXFileReference section */
		1F53288E22E4DF63002B241D /* LightSensorDemo.app */ = {isa = PBXFileReference; explicitFileType = wrapper.application; includeInIndex = 0; path = LightSensorDemo.app; sourceTree = BUILT_PRODUCTS_DIR; };
		1F53289122E4DF63002B241D /* AppDelegate.h */ = {isa = PBXFileReference; lastKnownFileType = sourcecode.c.h; path = AppDelegate.h; sourceTree = "<group>"; };
		1F53289222E4DF63002B241D /* AppDelegate.m */ = {isa = PBXFileReference; lastKnownFileType = sourcecode.c.objc; path = AppDelegate.m; sourceTree = "<group>"; };
		1F53289422E4DF63002B241D /* ViewController.h */ = {isa = PBXFileReference; lastKnownFileType = sourcecode.c.h; path = ViewController.h; sourceTree = "<group>"; };
		1F53289522E4DF63002B241D /* ViewController.m */ = {isa = PBXFileReference; lastKnownFileType = sourcecode.c.objc; path = ViewController.m; sourceTree = "<group>"; };
		1F53289822E4DF63002B241D /* Base */ = {isa = PBXFileReference; lastKnownFileType = file.storyboard; name = Base; path = Base.lproj/Main.storyboard; sourceTree = "<group>"; };
		1F53289A22E4DF63002B241D /* Assets.xcassets */ = {isa = PBXFileReference; lastKnownFileType = folder.assetcatalog; path = Assets.xcassets; sourceTree = "<group>"; };
		1F53289D22E4DF63002B241D /* Base */ = {isa = PBXFileReference; lastKnownFileType = file.storyboard; name = Base; path = Base.lproj/LaunchScreen.storyboard; sourceTree = "<group>"; };
		1F53289F22E4DF63002B241D /* Info.plist */ = {isa = PBXFileReference; lastKnownFileType = text.plist.xml; path = Info.plist; sourceTree = "<group>"; };
		1F5328A022E4DF63002B241D /* main.m */ = {isa = PBXFileReference; lastKnownFileType = sourcecode.c.objc; path = main.m; sourceTree = "<group>"; };
		1F5328A722E4E18B002B241D /* scale.png */ = {isa = PBXFileReference; lastKnownFileType = image.png; path = scale.png; sourceTree = "<group>"; };
		1F5328A822E4E18B002B241D /* arrow.png */ = {isa = PBXFileReference; lastKnownFileType = image.png; path = arrow.png; sourceTree = "<group>"; };
/* End PBXFileReference section */

/* Begin PBXFrameworksBuildPhase section */
		1F53288B22E4DF63002B241D /* Frameworks */ = {
			isa = PBXFrameworksBuildPhase;
			buildActionMask = 2147483647;
			files = (
			);
			runOnlyForDeploymentPostprocessing = 0;
		};
/* End PBXFrameworksBuildPhase section */

/* Begin PBXGroup section */
		1F53288522E4DF63002B241D = {
			isa = PBXGroup;
			children = (
				1F53289022E4DF63002B241D /* LightSensorDemo */,
				1F53288F22E4DF63002B241D /* Products */,
			);
			sourceTree = "<group>";
		};
		1F53288F22E4DF63002B241D /* Products */ = {
			isa = PBXGroup;
			children = (
				1F53288E22E4DF63002B241D /* LightSensorDemo.app */,
			);
			name = Products;
			sourceTree = "<group>";
		};
		1F53289022E4DF63002B241D /* LightSensorDemo */ = {
			isa = PBXGroup;
			children = (
				1F5328A822E4E18B002B241D /* arrow.png */,
				1F5328A722E4E18B002B241D /* scale.png */,
				1F53289122E4DF63002B241D /* AppDelegate.h */,
				1F53289222E4DF63002B241D /* AppDelegate.m */,
				1F53289422E4DF63002B241D /* ViewController.h */,
				1F53289522E4DF63002B241D /* ViewController.m */,
				1F53289722E4DF63002B241D /* Main.storyboard */,
				1F53289A22E4DF63002B241D /* Assets.xcassets */,
				1F53289C22E4DF63002B241D /* LaunchScreen.storyboard */,
				1F53289F22E4DF63002B241D /* Info.plist */,
				1F5328A022E4DF63002B241D /* main.m */,
			);
			path = LightSensorDemo;
			sourceTree = "<group>";
		};
/* End PBXGroup section */

/* Begin PBXNativeTarget section */
		1F53288D22E4DF63002B241D /* LightSensorDemo */ = {
			isa = PBXNativeTarget;
			buildConfigurationList = 1F5328A422E4DF63002B241D /* Build configuration list for PBXNativeTarget "LightSensorDemo" */;
			buildPhases = (
				1F53288A22E4DF63002B241D /* Sources */,
				1F53288B22E4DF63002B241D /* Frameworks */,
				1F53288C22E4DF63002B241D /* Resources */,
			);
			buildRules = (
			);
			dependencies = (
			);
			name = LightSensorDemo;
			productName = LightSensorDemo;
			productReference = 1F53288E22E4DF63002B241D /* LightSensorDemo.app */;
			productType = "com.apple.product-type.application";
		};
/* End PBXNativeTarget section */

/* Begin PBXProject section */
		1F53288622E4DF63002B241D /* Project object */ = {
			isa = PBXProject;
			attributes = {
				LastUpgradeCheck = 1020;
				ORGANIZATIONNAME = "Tom Belov";
				TargetAttributes = {
					1F53288D22E4DF63002B241D = {
						CreatedOnToolsVersion = 10.2.1;
					};
				};
			};
			buildConfigurationList = 1F53288922E4DF63002B241D /* Build configuration list for PBXProject "LightSensorDemo" */;
			compatibilityVersion = "Xcode 9.3";
			developmentRegion = en;
			hasScannedForEncodings = 0;
			knownRegions = (
				en,
				Base,
			);
			mainGroup = 1F53288522E4DF63002B241D;
			productRefGroup = 1F53288F22E4DF63002B241D /* Products */;
			projectDirPath = "";
			projectRoot = "";
			targets = (
				1F53288D22E4DF63002B241D /* LightSensorDemo */,
			);
		};
/* End PBXProject section */

/* Begin PBXResourcesBuildPhase section */
		1F53288C22E4DF63002B241D /* Resources */ = {
			isa = PBXResourcesBuildPhase;
			buildActionMask = 2147483647;
			files = (
				1F5328A922E4E18B002B241D /* scale.png in Resources */,
				1F53289E22E4DF63002B241D /* LaunchScreen.storyboard in Resources */,
				1F53289B22E4DF63002B241D /* Assets.xcassets in Resources */,
				1F5328AA22E4E18B002B241D /* arrow.png in Resources */,
				1F53289922E4DF63002B241D /* Main.storyboard in Resources */,
			);
			runOnlyForDeploymentPostprocessing = 0;
		};
/* End PBXResourcesBuildPhase section */

/* Begin PBXSourcesBuildPhase section */
		1F53288A22E4DF63002B241D /* Sources */ = {
			isa = PBXSourcesBuildPhase;
			buildActionMask = 2147483647;
			files = (
				1F53289622E4DF63002B241D /* ViewController.m in Sources */,
				1F5328A122E4DF63002B241D /* main.m in Sources */,
				1F53289322E4DF63002B241D /* AppDelegate.m in Sources */,
			);
			runOnlyForDeploymentPostprocessing = 0;
		};
/* End PBXSourcesBuildPhase section */

/* Begin PBXVariantGroup section */
		1F53289722E4DF63002B241D /* Main.storyboard */ = {
			isa = PBXVariantGroup;
			children = (
				1F53289822E4DF63002B241D /* Base */,
			);
			name = Main.storyboard;
			sourceTree = "<group>";
		};
		1F53289C22E4DF63002B241D /* LaunchScreen.storyboard */ = {
			isa = PBXVariantGroup;
			children = (
				1F53289D22E4DF63002B241D /* Base */,
			);
			name = LaunchScreen.storyboard;
			sourceTree = "<group>";
		};
/* End PBXVariantGroup section */

/* Begin XCBuildConfiguration section */
		1F5328A222E4DF63002B241D /* Debug */ = {
			isa = XCBuildConfiguration;
			buildSettings = {
				ALWAYS_SEARCH_USER_PATHS = NO;
				CLANG_ANALYZER_NONNULL = YES;
				CLANG_ANALYZER_NUMBER_OBJECT_CONVERSION = YES_AGGRESSIVE;
				CLANG_CXX_LANGUAGE_STANDARD = "gnu++14";
				CLANG_CXX_LIBRARY = "libc++";
				CLANG_ENABLE_MODULES = YES;
				CLANG_ENABLE_OBJC_ARC = YES;
				CLANG_ENABLE_OBJC_WEAK = YES;
				CLANG_WARN_BLOCK_CAPTURE_AUTORELEASING = YES;
				CLANG_WARN_BOOL_CONVERSION = YES;
				CLANG_WARN_COMMA = YES;
				CLANG_WARN_CONSTANT_CONVERSION = YES;
				CLANG_WARN_DEPRECATED_OBJC_IMPLEMENTATIONS = YES;
				CLANG_WARN_DIRECT_OBJC_ISA_USAGE = YES_ERROR;
				CLANG_WARN_DOCUMENTATION_COMMENTS = YES;
				CLANG_WARN_EMPTY_BODY = YES;
				CLANG_WARN_ENUM_CONVERSION = YES;
				CLANG_WARN_INFINITE_RECURSION = YES;
				CLANG_WARN_INT_CONVERSION = YES;
				CLANG_WARN_NON_LITERAL_NULL_CONVERSION = YES;
				CLANG_WARN_OBJC_IMPLICIT_RETAIN_SELF = YES;
				CLANG_WARN_OBJC_LITERAL_CONVERSION = YES;
				CLANG_WARN_OBJC_ROOT_CLASS = YES_ERROR;
				CLANG_WARN_RANGE_LOOP_ANALYSIS = YES;
				CLANG_WARN_STRICT_PROTOTYPES = YES;
				CLANG_WARN_SUSPICIOUS_MOVE = YES;
				CLANG_WARN_UNGUARDED_AVAILABILITY = YES_AGGRESSIVE;
				CLANG_WARN_UNREACHABLE_CODE = YES;
				CLANG_WARN__DUPLICATE_METHOD_MATCH = YES;
				CODE_SIGN_IDENTITY = "iPhone Developer";
				COPY_PHASE_STRIP = NO;
				DEBUG_INFORMATION_FORMAT = dwarf;
				ENABLE_STRICT_OBJC_MSGSEND = YES;
				ENABLE_TESTABILITY = YES;
				GCC_C_LANGUAGE_STANDARD = gnu11;
				GCC_DYNAMIC_NO_PIC = NO;
				GCC_NO_COMMON_BLOCKS = YES;
				GCC_OPTIMIZATION_LEVEL = 0;
				GCC_PREPROCESSOR_DEFINITIONS = (
					"DEBUG=1",
					"$(inherited)",
				);
				GCC_WARN_64_TO_32_BIT_CONVERSION = YES;
				GCC_WARN_ABOUT_RETURN_TYPE = YES_ERROR;
				GCC_WARN_UNDECLARED_SELECTOR = YES;
				GCC_WARN_UNINITIALIZED_AUTOS = YES_AGGRESSIVE;
				GCC_WARN_UNUSED_FUNCTION = YES;
				GCC_WARN_UNUSED_VARIABLE = YES;
				IPHONEOS_DEPLOYMENT_TARGET = 12.2;
				MTL_ENABLE_DEBUG_INFO = INCLUDE_SOURCE;
				MTL_FAST_MATH = YES;
				ONLY_ACTIVE_ARCH = YES;
				SDKROOT = iphoneos;
			};
			name = Debug;
		};
		1F5328A322E4DF63002B241D /* Release */ = {
			isa = XCBuildConfiguration;
			buildSettings = {
				ALWAYS_SEARCH_USER_PATHS = NO;
				CLANG_ANALYZER_NONNULL = YES;
				CLANG_ANALYZER_NUMBER_OBJECT_CONVERSION = YES_AGGRESSIVE;
				CLANG_CXX_LANGUAGE_STANDARD = "gnu++14";
				CLANG_CXX_LIBRARY = "libc++";
				CLANG_ENABLE_MODULES = YES;
				CLANG_ENABLE_OBJC_ARC = YES;
				CLANG_ENABLE_OBJC_WEAK = YES;
				CLANG_WARN_BLOCK_CAPTURE_AUTORELEASING = YES;
				CLANG_WARN_BOOL_CONVERSION = YES;
				CLANG_WARN_COMMA = YES;
				CLANG_WARN_CONSTANT_CONVERSION = YES;
				CLANG_WARN_DEPRECATED_OBJC_IMPLEMENTATIONS = YES;
				CLANG_WARN_DIRECT_OBJC_ISA_USAGE = YES_ERROR;
				CLANG_WARN_DOCUMENTATION_COMMENTS = YES;
				CLANG_WARN_EMPTY_BODY = YES;
				CLANG_WARN_ENUM_CONVERSION = YES;
				CLANG_WARN_INFINITE_RECURSION = YES;
				CLANG_WARN_INT_CONVERSION = YES;
				CLANG_WARN_NON_LITERAL_NULL_CONVERSION = YES;
				CLANG_WARN_OBJC_IMPLICIT_RETAIN_SELF = YES;
				CLANG_WARN_OBJC_LITERAL_CONVERSION = YES;
				CLANG_WARN_OBJC_ROOT_CLASS = YES_ERROR;
				CLANG_WARN_RANGE_LOOP_ANALYSIS = YES;
				CLANG_WARN_STRICT_PROTOTYPES = YES;
				CLANG_WARN_SUSPICIOUS_MOVE = YES;
				CLANG_WARN_UNGUARDED_AVAILABILITY = YES_AGGRESSIVE;
				CLANG_WARN_UNREACHABLE_CODE = YES;
				CLANG_WARN__DUPLICATE_METHOD_MATCH = YES;
				CODE_SIGN_IDENTITY = "iPhone Developer";
				COPY_PHASE_STRIP = NO;
				DEBUG_INFORMATION_FORMAT = "dwarf-with-dsym";
				ENABLE_NS_ASSERTIONS = NO;
				ENABLE_STRICT_OBJC_MSGSEND = YES;
				GCC_C_LANGUAGE_STANDARD = gnu11;
				GCC_NO_COMMON_BLOCKS = YES;
				GCC_WARN_64_TO_32_BIT_CONVERSION = YES;
				GCC_WARN_ABOUT_RETURN_TYPE = YES_ERROR;
				GCC_WARN_UNDECLARED_SELECTOR = YES;
				GCC_WARN_UNINITIALIZED_AUTOS = YES_AGGRESSIVE;
				GCC_WARN_UNUSED_FUNCTION = YES;
				GCC_WARN_UNUSED_VARIABLE = YES;
				IPHONEOS_DEPLOYMENT_TARGET = 12.2;
				MTL_ENABLE_DEBUG_INFO = NO;
				MTL_FAST_MATH = YES;
				SDKROOT = iphoneos;
				VALIDATE_PRODUCT = YES;
			};
			name = Release;
		};
		1F5328A522E4DF63002B241D /* Debug */ = {
			isa = XCBuildConfiguration;
			buildSettings = {
				ASSETCATALOG_COMPILER_APPICON_NAME = AppIcon;
				CODE_SIGN_STYLE = Automatic;
				DEVELOPMENT_TEAM = 5M6NNRGL8Y;
				INFOPLIST_FILE = LightSensorDemo/Info.plist;
				LD_RUNPATH_SEARCH_PATHS = (
					"$(inherited)",
					"@executable_path/Frameworks",
				);
				PRODUCT_BUNDLE_IDENTIFIER = ru.company.LightSensorDemo;
				PRODUCT_NAME = "$(TARGET_NAME)";
				TARGETED_DEVICE_FAMILY = "1,2";
			};
			name = Debug;
		};
		1F5328A622E4DF63002B241D /* Release */ = {
			isa = XCBuildConfiguration;
			buildSettings = {
				ASSETCATALOG_COMPILER_APPICON_NAME = AppIcon;
				CODE_SIGN_STYLE = Automatic;
				DEVELOPMENT_TEAM = 5M6NNRGL8Y;
				INFOPLIST_FILE = LightSensorDemo/Info.plist;
				LD_RUNPATH_SEARCH_PATHS = (
					"$(inherited)",
					"@executable_path/Frameworks",
				);
				PRODUCT_BUNDLE_IDENTIFIER = ru.company.LightSensorDemo;
				PRODUCT_NAME = "$(TARGET_NAME)";
				TARGETED_DEVICE_FAMILY = "1,2";
			};
			name = Release;
		};
/* End XCBuildConfiguration section */

/* Begin XCConfigurationList section */
		1F53288922E4DF63002B241D /* Build configuration list for PBXProject "LightSensorDemo" */ = {
			isa = XCConfigurationList;
			buildConfigurations = (
				1F5328A222E4DF63002B241D /* Debug */,
				1F5328A322E4DF63002B241D /* Release */,
			);
			defaultConfigurationIsVisible = 0;
			defaultConfigurationName = Release;
		};
		1F5328A422E4DF63002B241D /* Build configuration list for PBXNativeTarget "LightSensorDemo" */ = {
			isa = XCConfigurationList;
			buildConfigurations = (
				1F5328A522E4DF63002B241D /* Debug */,
				1F5328A622E4DF63002B241D /* Release */,
			);
			defaultConfigurationIsVisible = 0;
			defaultConfigurationName = Release;
		};
/* End XCConfigurationList section */
	};
	rootObject = 1F53288622E4DF63002B241D /* Project object */;
}
